// !$*UTF8*$!
{
	archiveVersion = 1;
	classes = {
	};
	objectVersion = 50;
	objects = {

/* Begin PBXBuildFile section */
		2B0271782353FDA1009178F6 /* zoom_minus.tiff in Resources */ = {isa = PBXBuildFile; fileRef = 2B0271762353FDA0009178F6 /* zoom_minus.tiff */; };
		2B0271792353FDA1009178F6 /* zoom_minus.tiff in Resources */ = {isa = PBXBuildFile; fileRef = 2B0271762353FDA0009178F6 /* zoom_minus.tiff */; };
		2B02717A2353FDA1009178F6 /* zoom_plus.tiff in Resources */ = {isa = PBXBuildFile; fileRef = 2B0271772353FDA1009178F6 /* zoom_plus.tiff */; };
		2B02717B2353FDA1009178F6 /* zoom_plus.tiff in Resources */ = {isa = PBXBuildFile; fileRef = 2B0271772353FDA1009178F6 /* zoom_plus.tiff */; };
		2B02717D23540417009178F6 /* MMSliderWidget.swift in Sources */ = {isa = PBXBuildFile; fileRef = 2B02717C235403FC009178F6 /* MMSliderWidget.swift */; };
		2B02717E23540417009178F6 /* MMSliderWidget.swift in Sources */ = {isa = PBXBuildFile; fileRef = 2B02717C235403FC009178F6 /* MMSliderWidget.swift */; };
		2B02B97622F7D1C100EFCC74 /* SceneRenderer.swift in Sources */ = {isa = PBXBuildFile; fileRef = 2B02B97522F7D1C100EFCC74 /* SceneRenderer.swift */; };
		2B02B97722F7D1C100EFCC74 /* SceneRenderer.swift in Sources */ = {isa = PBXBuildFile; fileRef = 2B02B97522F7D1C100EFCC74 /* SceneRenderer.swift */; };
		2B035152231A076700ACBB78 /* sz_toolbar.tiff in Resources */ = {isa = PBXBuildFile; fileRef = 2B035151231A076700ACBB78 /* sz_toolbar.tiff */; };
		2B035153231A195A00ACBB78 /* sz_ui_grey.tiff in Resources */ = {isa = PBXBuildFile; fileRef = 2BB6B05F231A069A0067B217 /* sz_ui_grey.tiff */; };
		2B035154231A195E00ACBB78 /* sz_ui_blue.tiff in Resources */ = {isa = PBXBuildFile; fileRef = 2BB6B060231A069A0067B217 /* sz_ui_blue.tiff */; };
		2B035155231A196100ACBB78 /* sz_toolbar.tiff in Resources */ = {isa = PBXBuildFile; fileRef = 2B035151231A076700ACBB78 /* sz_toolbar.tiff */; };
		2B06710E22B1DCC200983A76 /* GizmoInfoArea.swift in Sources */ = {isa = PBXBuildFile; fileRef = 2B06710D22B1DCC200983A76 /* GizmoInfoArea.swift */; };
		2B06710F22B1DCC200983A76 /* GizmoInfoArea.swift in Sources */ = {isa = PBXBuildFile; fileRef = 2B06710D22B1DCC200983A76 /* GizmoInfoArea.swift */; };
		2B0C6A612338A3CB0073EF18 /* Pinball.shape-z in Resources */ = {isa = PBXBuildFile; fileRef = 2B0C6A5F2338A3CA0073EF18 /* Pinball.shape-z */; };
		2B0C6A632338A4950073EF18 /* Pinball.shape-z in Resources */ = {isa = PBXBuildFile; fileRef = 2B0C6A5F2338A3CA0073EF18 /* Pinball.shape-z */; };
		2B12841123475B55001170B2 /* navigation.tiff in Resources */ = {isa = PBXBuildFile; fileRef = 2B12841023475B54001170B2 /* navigation.tiff */; };
		2B12841223475B55001170B2 /* navigation.tiff in Resources */ = {isa = PBXBuildFile; fileRef = 2B12841023475B54001170B2 /* navigation.tiff */; };
		2B128761225DA70600BF0E22 /* MMFloatPopUp.swift in Sources */ = {isa = PBXBuildFile; fileRef = 2B128760225DA62E00BF0E22 /* MMFloatPopUp.swift */; };
		2B128762225DA70600BF0E22 /* MMFloatPopUp.swift in Sources */ = {isa = PBXBuildFile; fileRef = 2B128760225DA62E00BF0E22 /* MMFloatPopUp.swift */; };
		2B333D13226043FF0008A8CF /* MMScrollButton.swift in Sources */ = {isa = PBXBuildFile; fileRef = 2B333D12226043FF0008A8CF /* MMScrollButton.swift */; };
		2B333D14226043FF0008A8CF /* MMScrollButton.swift in Sources */ = {isa = PBXBuildFile; fileRef = 2B333D12226043FF0008A8CF /* MMScrollButton.swift */; };
		2B3AC54C22EBD67F0013A60E /* MMInfoArea.swift in Sources */ = {isa = PBXBuildFile; fileRef = 2B3AC54B22EBD67F0013A60E /* MMInfoArea.swift */; };
		2B3AC54D22EBD67F0013A60E /* MMInfoArea.swift in Sources */ = {isa = PBXBuildFile; fileRef = 2B3AC54B22EBD67F0013A60E /* MMInfoArea.swift */; };
		2B46E95D2243339A0047A94A /* MMTabWidget.swift in Sources */ = {isa = PBXBuildFile; fileRef = 2B46E95C224330050047A94A /* MMTabWidget.swift */; };
		2B46E95E2243339B0047A94A /* MMTabWidget.swift in Sources */ = {isa = PBXBuildFile; fileRef = 2B46E95C224330050047A94A /* MMTabWidget.swift */; };
		2B46E960224367AF0047A94A /* Material.swift in Sources */ = {isa = PBXBuildFile; fileRef = 2B46E95F224367AF0047A94A /* Material.swift */; };
		2B46E961224367AF0047A94A /* Material.swift in Sources */ = {isa = PBXBuildFile; fileRef = 2B46E95F224367AF0047A94A /* Material.swift */; };
		2B46E963224466CD0047A94A /* MaterialFactory.swift in Sources */ = {isa = PBXBuildFile; fileRef = 2B46E962224466CC0047A94A /* MaterialFactory.swift */; };
		2B46E964224466CD0047A94A /* MaterialFactory.swift in Sources */ = {isa = PBXBuildFile; fileRef = 2B46E962224466CC0047A94A /* MaterialFactory.swift */; };
		2B46E966224481AC0047A94A /* MaterialSelector.swift in Sources */ = {isa = PBXBuildFile; fileRef = 2B46E965224481AB0047A94A /* MaterialSelector.swift */; };
		2B46E967224481AC0047A94A /* MaterialSelector.swift in Sources */ = {isa = PBXBuildFile; fileRef = 2B46E965224481AB0047A94A /* MaterialSelector.swift */; };
		2B46E9692245C1F00047A94A /* MaterialList.swift in Sources */ = {isa = PBXBuildFile; fileRef = 2B46E9682245C1EF0047A94A /* MaterialList.swift */; };
		2B46E96A2245C1F00047A94A /* MaterialList.swift in Sources */ = {isa = PBXBuildFile; fileRef = 2B46E9682245C1EF0047A94A /* MaterialList.swift */; };
		2B4CC2272222260600A47812 /* Layer.swift in Sources */ = {isa = PBXBuildFile; fileRef = 2B4CC2262222260600A47812 /* Layer.swift */; };
		2B4CC2282222260600A47812 /* Layer.swift in Sources */ = {isa = PBXBuildFile; fileRef = 2B4CC2262222260600A47812 /* Layer.swift */; };
		2B4CC22A2222301300A47812 /* LayerMaxDelegate.swift in Sources */ = {isa = PBXBuildFile; fileRef = 2B4CC2292222301300A47812 /* LayerMaxDelegate.swift */; };
		2B4CC22B2222301300A47812 /* LayerMaxDelegate.swift in Sources */ = {isa = PBXBuildFile; fileRef = 2B4CC2292222301300A47812 /* LayerMaxDelegate.swift */; };
		2B4CC22D2226669000A47812 /* NodeUI.swift in Sources */ = {isa = PBXBuildFile; fileRef = 2B4CC22C2226669000A47812 /* NodeUI.swift */; };
		2B4CC22E2226669000A47812 /* NodeUI.swift in Sources */ = {isa = PBXBuildFile; fileRef = 2B4CC22C2226669000A47812 /* NodeUI.swift */; };
		2B4CC230222F5D5C00A47812 /* Physics.swift in Sources */ = {isa = PBXBuildFile; fileRef = 2B4CC22F222F5D5C00A47812 /* Physics.swift */; };
		2B4CC231222F5D5C00A47812 /* Physics.swift in Sources */ = {isa = PBXBuildFile; fileRef = 2B4CC22F222F5D5C00A47812 /* Physics.swift */; };
		2B501A5D22CC5602008D409F /* DebugBuilder.swift in Sources */ = {isa = PBXBuildFile; fileRef = 2B501A5C22CC5426008D409F /* DebugBuilder.swift */; };
		2B501A5E22CC5602008D409F /* DebugBuilder.swift in Sources */ = {isa = PBXBuildFile; fileRef = 2B501A5C22CC5426008D409F /* DebugBuilder.swift */; };
		2B57D7902358149600E8BF65 /* GameCuben.tiff in Resources */ = {isa = PBXBuildFile; fileRef = 2B57D78E2358149600E8BF65 /* GameCuben.tiff */; };
		2B57D7912358149600E8BF65 /* GameCuben.tiff in Resources */ = {isa = PBXBuildFile; fileRef = 2B57D78E2358149600E8BF65 /* GameCuben.tiff */; };
		2B57D7922358149600E8BF65 /* GameCuben.json in Resources */ = {isa = PBXBuildFile; fileRef = 2B57D78F2358149600E8BF65 /* GameCuben.json */; };
		2B57D7932358149600E8BF65 /* GameCuben.json in Resources */ = {isa = PBXBuildFile; fileRef = 2B57D78F2358149600E8BF65 /* GameCuben.json */; };
		2B57D79623581AE400E8BF65 /* GibBrickPlox.json in Resources */ = {isa = PBXBuildFile; fileRef = 2B57D79423581AE400E8BF65 /* GibBrickPlox.json */; };
		2B57D79723581AE400E8BF65 /* GibBrickPlox.json in Resources */ = {isa = PBXBuildFile; fileRef = 2B57D79423581AE400E8BF65 /* GibBrickPlox.json */; };
		2B57D79823581AE400E8BF65 /* GibBrickPlox.tiff in Resources */ = {isa = PBXBuildFile; fileRef = 2B57D79523581AE400E8BF65 /* GibBrickPlox.tiff */; };
		2B57D79923581AE400E8BF65 /* GibBrickPlox.tiff in Resources */ = {isa = PBXBuildFile; fileRef = 2B57D79523581AE400E8BF65 /* GibBrickPlox.tiff */; };
		2B57D79E2358269100E8BF65 /* Pong.shape-z in Resources */ = {isa = PBXBuildFile; fileRef = 2B57D79D2358269100E8BF65 /* Pong.shape-z */; };
		2B57D79F2358269100E8BF65 /* Pong.shape-z in Resources */ = {isa = PBXBuildFile; fileRef = 2B57D79D2358269100E8BF65 /* Pong.shape-z */; };
		2B5CCAFF2214F2FF005BAA2B /* Builder.swift in Sources */ = {isa = PBXBuildFile; fileRef = 2B5CCAFE2214F2FF005BAA2B /* Builder.swift */; };
		2B5CCB002214F2FF005BAA2B /* Builder.swift in Sources */ = {isa = PBXBuildFile; fileRef = 2B5CCAFE2214F2FF005BAA2B /* Builder.swift */; };
		2B5CCB0222152EB6005BAA2B /* MMListWidget.swift in Sources */ = {isa = PBXBuildFile; fileRef = 2B5CCB0122152EB6005BAA2B /* MMListWidget.swift */; };
		2B5CCB0322152EB6005BAA2B /* MMListWidget.swift in Sources */ = {isa = PBXBuildFile; fileRef = 2B5CCB0122152EB6005BAA2B /* MMListWidget.swift */; };
		2B5F506A2298FD3200D3B6C5 /* GameApp.swift in Sources */ = {isa = PBXBuildFile; fileRef = 2B5F50672298FC7900D3B6C5 /* GameApp.swift */; };
		2B5F506B2298FD3200D3B6C5 /* GameApp.swift in Sources */ = {isa = PBXBuildFile; fileRef = 2B5F50672298FC7900D3B6C5 /* GameApp.swift */; };
		2B5F506D2298FD4C00D3B6C5 /* GameRegion.swift in Sources */ = {isa = PBXBuildFile; fileRef = 2B5F50682298FC8100D3B6C5 /* GameRegion.swift */; };
		2B5F506E2298FD4D00D3B6C5 /* GameRegion.swift in Sources */ = {isa = PBXBuildFile; fileRef = 2B5F50682298FC8100D3B6C5 /* GameRegion.swift */; };
		2B5F506F2298FD5D00D3B6C5 /* GameWidget.swift in Sources */ = {isa = PBXBuildFile; fileRef = 2B5F50692298FC8500D3B6C5 /* GameWidget.swift */; };
		2B5F50702298FD5D00D3B6C5 /* GameWidget.swift in Sources */ = {isa = PBXBuildFile; fileRef = 2B5F50692298FC8500D3B6C5 /* GameWidget.swift */; };
		2B5FE42322C0A96F0046A435 /* Assets.xcassets in Resources */ = {isa = PBXBuildFile; fileRef = 2BBF110021EAD2B0001C94E9 /* Assets.xcassets */; };
		2B5FE42722C213410046A435 /* CloudKit.framework in Frameworks */ = {isa = PBXBuildFile; fileRef = 2B5FE42622C213410046A435 /* CloudKit.framework */; };
		2B5FE42922C213690046A435 /* CloudKit.framework in Frameworks */ = {isa = PBXBuildFile; fileRef = 2B5FE42822C213690046A435 /* CloudKit.framework */; };
		2B639F17221791F500576542 /* NodeList.swift in Sources */ = {isa = PBXBuildFile; fileRef = 2B639F16221791F500576542 /* NodeList.swift */; };
		2B639F18221791F500576542 /* NodeList.swift in Sources */ = {isa = PBXBuildFile; fileRef = 2B639F16221791F500576542 /* NodeList.swift */; };
		2B639F1A221A32CD00576542 /* MMFile.swift in Sources */ = {isa = PBXBuildFile; fileRef = 2B639F19221A32CD00576542 /* MMFile.swift */; };
		2B639F1B221A32CD00576542 /* MMFile.swift in Sources */ = {isa = PBXBuildFile; fileRef = 2B639F19221A32CD00576542 /* MMFile.swift */; };
		2B6CCE46231F4FD600ECA35B /* union_off.tiff in Resources */ = {isa = PBXBuildFile; fileRef = 2B6CCE45231F4FD600ECA35B /* union_off.tiff */; };
		2B6CCE47231F4FD600ECA35B /* union_off.tiff in Resources */ = {isa = PBXBuildFile; fileRef = 2B6CCE45231F4FD600ECA35B /* union_off.tiff */; };
		2B6CCE49231F4FE200ECA35B /* union_on.tiff in Resources */ = {isa = PBXBuildFile; fileRef = 2B6CCE48231F4FE200ECA35B /* union_on.tiff */; };
		2B6CCE4A231F4FE200ECA35B /* union_on.tiff in Resources */ = {isa = PBXBuildFile; fileRef = 2B6CCE48231F4FE200ECA35B /* union_on.tiff */; };
		2B6CCE4D231F59E700ECA35B /* substract_on.tiff in Resources */ = {isa = PBXBuildFile; fileRef = 2B6CCE4B231F59E700ECA35B /* substract_on.tiff */; };
		2B6CCE4E231F59E700ECA35B /* substract_on.tiff in Resources */ = {isa = PBXBuildFile; fileRef = 2B6CCE4B231F59E700ECA35B /* substract_on.tiff */; };
		2B6CCE4F231F59E700ECA35B /* substract_off.tiff in Resources */ = {isa = PBXBuildFile; fileRef = 2B6CCE4C231F59E700ECA35B /* substract_off.tiff */; };
		2B6CCE50231F59E700ECA35B /* substract_off.tiff in Resources */ = {isa = PBXBuildFile; fileRef = 2B6CCE4C231F59E700ECA35B /* substract_off.tiff */; };
		2B6CCE53231F5A4500ECA35B /* intersection_off.tiff in Resources */ = {isa = PBXBuildFile; fileRef = 2B6CCE51231F5A4500ECA35B /* intersection_off.tiff */; };
		2B6CCE54231F5A4500ECA35B /* intersection_off.tiff in Resources */ = {isa = PBXBuildFile; fileRef = 2B6CCE51231F5A4500ECA35B /* intersection_off.tiff */; };
		2B6CCE55231F5A4500ECA35B /* intersection_on.tiff in Resources */ = {isa = PBXBuildFile; fileRef = 2B6CCE52231F5A4500ECA35B /* intersection_on.tiff */; };
		2B6CCE56231F5A4500ECA35B /* intersection_on.tiff in Resources */ = {isa = PBXBuildFile; fileRef = 2B6CCE52231F5A4500ECA35B /* intersection_on.tiff */; };
		2B6CCE59231F5E5F00ECA35B /* background.tiff in Resources */ = {isa = PBXBuildFile; fileRef = 2B6CCE57231F5E5E00ECA35B /* background.tiff */; };
		2B6CCE5A231F5E5F00ECA35B /* background.tiff in Resources */ = {isa = PBXBuildFile; fileRef = 2B6CCE57231F5E5E00ECA35B /* background.tiff */; };
		2B6CCE5B231F5E5F00ECA35B /* foreground.tiff in Resources */ = {isa = PBXBuildFile; fileRef = 2B6CCE58231F5E5F00ECA35B /* foreground.tiff */; };
		2B6CCE5C231F5E5F00ECA35B /* foreground.tiff in Resources */ = {isa = PBXBuildFile; fileRef = 2B6CCE58231F5E5F00ECA35B /* foreground.tiff */; };
		2B6D0035228907F500BEDCFD /* LayerAreaMaxDelegate.swift in Sources */ = {isa = PBXBuildFile; fileRef = 2B6D0034228907F400BEDCFD /* LayerAreaMaxDelegate.swift */; };
		2B6D0036228907F500BEDCFD /* LayerAreaMaxDelegate.swift in Sources */ = {isa = PBXBuildFile; fileRef = 2B6D0034228907F400BEDCFD /* LayerAreaMaxDelegate.swift */; };
		2B8864ED21FABAAB00F24E8A /* MMAnimate.swift in Sources */ = {isa = PBXBuildFile; fileRef = 2B8864EC21FABAAB00F24E8A /* MMAnimate.swift */; };
		2B8864EE21FABAAB00F24E8A /* MMAnimate.swift in Sources */ = {isa = PBXBuildFile; fileRef = 2B8864EC21FABAAB00F24E8A /* MMAnimate.swift */; };
		2B8BBA8822A4AA4600E541B9 /* OpenSans.tiff in Resources */ = {isa = PBXBuildFile; fileRef = 2B8BBA8622A4AA4600E541B9 /* OpenSans.tiff */; };
		2B8BBA8922A4AA4600E541B9 /* OpenSans.tiff in Resources */ = {isa = PBXBuildFile; fileRef = 2B8BBA8622A4AA4600E541B9 /* OpenSans.tiff */; };
		2B8BBA8A22A4AA4600E541B9 /* OpenSans.json in Resources */ = {isa = PBXBuildFile; fileRef = 2B8BBA8722A4AA4600E541B9 /* OpenSans.json */; };
		2B8BBA8B22A4AA4600E541B9 /* OpenSans.json in Resources */ = {isa = PBXBuildFile; fileRef = 2B8BBA8722A4AA4600E541B9 /* OpenSans.json */; };
		2BA344A221FE8497000BB2EB /* MMTimeline.swift in Sources */ = {isa = PBXBuildFile; fileRef = 2BA344A121FE8497000BB2EB /* MMTimeline.swift */; };
		2BA344A321FE8497000BB2EB /* MMTimeline.swift in Sources */ = {isa = PBXBuildFile; fileRef = 2BA344A121FE8497000BB2EB /* MMTimeline.swift */; };
		2BA344AD2202A0A0000BB2EB /* MMFragment.swift in Sources */ = {isa = PBXBuildFile; fileRef = 2BA344AC22029FA4000BB2EB /* MMFragment.swift */; };
		2BA344AE2202A0AA000BB2EB /* MMFragment.swift in Sources */ = {isa = PBXBuildFile; fileRef = 2BA344AC22029FA4000BB2EB /* MMFragment.swift */; };
		2BA6163C2259805800638794 /* MMColorWidget.swift in Sources */ = {isa = PBXBuildFile; fileRef = 2BA6163B22597EF400638794 /* MMColorWidget.swift */; };
		2BA6163D2259805800638794 /* MMColorWidget.swift in Sources */ = {isa = PBXBuildFile; fileRef = 2BA6163B22597EF400638794 /* MMColorWidget.swift */; };
		2BAC26D5226D640300E20ADD /* Game.swift in Sources */ = {isa = PBXBuildFile; fileRef = 2BAC26D4226D640300E20ADD /* Game.swift */; };
		2BAC26D6226D640300E20ADD /* Game.swift in Sources */ = {isa = PBXBuildFile; fileRef = 2BAC26D4226D640300E20ADD /* Game.swift */; };
		2BAC26DB226D6B6400E20ADD /* BehaviorLeaves.swift in Sources */ = {isa = PBXBuildFile; fileRef = 2BAC26DA226D6B6400E20ADD /* BehaviorLeaves.swift */; };
		2BAC26DC226D6B6400E20ADD /* BehaviorLeaves.swift in Sources */ = {isa = PBXBuildFile; fileRef = 2BAC26DA226D6B6400E20ADD /* BehaviorLeaves.swift */; };
		2BAC26DE226D6B8F00E20ADD /* GameNodes.swift in Sources */ = {isa = PBXBuildFile; fileRef = 2BAC26DD226D6B8F00E20ADD /* GameNodes.swift */; };
		2BAC26DF226D6B8F00E20ADD /* GameNodes.swift in Sources */ = {isa = PBXBuildFile; fileRef = 2BAC26DD226D6B8F00E20ADD /* GameNodes.swift */; };
		2BAC26E1226FEC7E00E20ADD /* DiskBuilder.swift in Sources */ = {isa = PBXBuildFile; fileRef = 2BAC26E0226FE7A900E20ADD /* DiskBuilder.swift */; };
		2BAC26E2226FEC7F00E20ADD /* DiskBuilder.swift in Sources */ = {isa = PBXBuildFile; fileRef = 2BAC26E0226FE7A900E20ADD /* DiskBuilder.swift */; };
		2BB6B061231A069A0067B217 /* sz_ui_grey.tiff in Resources */ = {isa = PBXBuildFile; fileRef = 2BB6B05F231A069A0067B217 /* sz_ui_grey.tiff */; };
		2BB6B063231A069A0067B217 /* sz_ui_blue.tiff in Resources */ = {isa = PBXBuildFile; fileRef = 2BB6B060231A069A0067B217 /* sz_ui_blue.tiff */; };
		2BBF10FA21EAD2AF001C94E9 /* AppDelegate.swift in Sources */ = {isa = PBXBuildFile; fileRef = 2BBF10F921EAD2AF001C94E9 /* AppDelegate.swift */; };
		2BBF10FC21EAD2AF001C94E9 /* ViewController.swift in Sources */ = {isa = PBXBuildFile; fileRef = 2BBF10FB21EAD2AF001C94E9 /* ViewController.swift */; };
		2BBF10FF21EAD2AF001C94E9 /* Shape_Z.xcdatamodeld in Sources */ = {isa = PBXBuildFile; fileRef = 2BBF10FD21EAD2AF001C94E9 /* Shape_Z.xcdatamodeld */; };
		2BBF110421EAD2B0001C94E9 /* Main.storyboard in Resources */ = {isa = PBXBuildFile; fileRef = 2BBF110221EAD2B0001C94E9 /* Main.storyboard */; };
		2BBF112F21EAD38E001C94E9 /* AppDelegate.swift in Sources */ = {isa = PBXBuildFile; fileRef = 2BBF112E21EAD38E001C94E9 /* AppDelegate.swift */; };
		2BBF113121EAD38E001C94E9 /* ViewController.swift in Sources */ = {isa = PBXBuildFile; fileRef = 2BBF113021EAD38E001C94E9 /* ViewController.swift */; };
		2BBF113421EAD38E001C94E9 /* Main.storyboard in Resources */ = {isa = PBXBuildFile; fileRef = 2BBF113221EAD38E001C94E9 /* Main.storyboard */; };
		2BBF113721EAD38E001C94E9 /* Shape_Z_iOS.xcdatamodeld in Sources */ = {isa = PBXBuildFile; fileRef = 2BBF113521EAD38E001C94E9 /* Shape_Z_iOS.xcdatamodeld */; };
		2BBF113921EAD38E001C94E9 /* Assets.xcassets in Resources */ = {isa = PBXBuildFile; fileRef = 2BBF113821EAD38E001C94E9 /* Assets.xcassets */; };
		2BBF113C21EAD38E001C94E9 /* LaunchScreen.storyboard in Resources */ = {isa = PBXBuildFile; fileRef = 2BBF113A21EAD38E001C94E9 /* LaunchScreen.storyboard */; };
		2BBF11A021EAD46B001C94E9 /* TopRegion.swift in Sources */ = {isa = PBXBuildFile; fileRef = 2BBF119721EAD46B001C94E9 /* TopRegion.swift */; };
		2BBF11A121EAD46B001C94E9 /* TopRegion.swift in Sources */ = {isa = PBXBuildFile; fileRef = 2BBF119721EAD46B001C94E9 /* TopRegion.swift */; };
		2BBF11A221EAD46B001C94E9 /* LeftRegion.swift in Sources */ = {isa = PBXBuildFile; fileRef = 2BBF119821EAD46B001C94E9 /* LeftRegion.swift */; };
		2BBF11A321EAD46B001C94E9 /* LeftRegion.swift in Sources */ = {isa = PBXBuildFile; fileRef = 2BBF119821EAD46B001C94E9 /* LeftRegion.swift */; };
		2BBF11A421EAD46B001C94E9 /* AppShaders.metal in Sources */ = {isa = PBXBuildFile; fileRef = 2BBF119921EAD46B001C94E9 /* AppShaders.metal */; };
		2BBF11A521EAD46B001C94E9 /* AppShaders.metal in Sources */ = {isa = PBXBuildFile; fileRef = 2BBF119921EAD46B001C94E9 /* AppShaders.metal */; };
		2BBF11A621EAD46B001C94E9 /* BottomRegion.swift in Sources */ = {isa = PBXBuildFile; fileRef = 2BBF119B21EAD46B001C94E9 /* BottomRegion.swift */; };
		2BBF11A721EAD46B001C94E9 /* BottomRegion.swift in Sources */ = {isa = PBXBuildFile; fileRef = 2BBF119B21EAD46B001C94E9 /* BottomRegion.swift */; };
		2BBF11A821EAD46B001C94E9 /* RightRegion.swift in Sources */ = {isa = PBXBuildFile; fileRef = 2BBF119C21EAD46B001C94E9 /* RightRegion.swift */; };
		2BBF11A921EAD46B001C94E9 /* RightRegion.swift in Sources */ = {isa = PBXBuildFile; fileRef = 2BBF119C21EAD46B001C94E9 /* RightRegion.swift */; };
		2BBF11AA21EAD46B001C94E9 /* EditorRegion.swift in Sources */ = {isa = PBXBuildFile; fileRef = 2BBF119D21EAD46B001C94E9 /* EditorRegion.swift */; };
		2BBF11AB21EAD46B001C94E9 /* EditorRegion.swift in Sources */ = {isa = PBXBuildFile; fileRef = 2BBF119D21EAD46B001C94E9 /* EditorRegion.swift */; };
		2BBF11AC21EAD46B001C94E9 /* Mad4Metal.metal in Sources */ = {isa = PBXBuildFile; fileRef = 2BBF119E21EAD46B001C94E9 /* Mad4Metal.metal */; };
		2BBF11AD21EAD46B001C94E9 /* Mad4Metal.metal in Sources */ = {isa = PBXBuildFile; fileRef = 2BBF119E21EAD46B001C94E9 /* Mad4Metal.metal */; };
		2BBF11AE21EAD46B001C94E9 /* App.swift in Sources */ = {isa = PBXBuildFile; fileRef = 2BBF119F21EAD46B001C94E9 /* App.swift */; };
		2BBF11AF21EAD46B001C94E9 /* App.swift in Sources */ = {isa = PBXBuildFile; fileRef = 2BBF119F21EAD46B001C94E9 /* App.swift */; };
		2BBF11C121EADB46001C94E9 /* MMRenderer.swift in Sources */ = {isa = PBXBuildFile; fileRef = 2BBF11B121EADB46001C94E9 /* MMRenderer.swift */; };
		2BBF11C221EADB46001C94E9 /* MMRenderer.swift in Sources */ = {isa = PBXBuildFile; fileRef = 2BBF11B121EADB46001C94E9 /* MMRenderer.swift */; };
		2BBF11C321EADB46001C94E9 /* MMWidget.swift in Sources */ = {isa = PBXBuildFile; fileRef = 2BBF11B221EADB46001C94E9 /* MMWidget.swift */; };
		2BBF11C421EADB46001C94E9 /* MMWidget.swift in Sources */ = {isa = PBXBuildFile; fileRef = 2BBF11B221EADB46001C94E9 /* MMWidget.swift */; };
		2BBF11C521EADB46001C94E9 /* MMRegion.swift in Sources */ = {isa = PBXBuildFile; fileRef = 2BBF11B321EADB46001C94E9 /* MMRegion.swift */; };
		2BBF11C621EADB46001C94E9 /* MMRegion.swift in Sources */ = {isa = PBXBuildFile; fileRef = 2BBF11B321EADB46001C94E9 /* MMRegion.swift */; };
		2BBF11C721EADB46001C94E9 /* MMDrawable.swift in Sources */ = {isa = PBXBuildFile; fileRef = 2BBF11B421EADB46001C94E9 /* MMDrawable.swift */; };
		2BBF11C821EADB46001C94E9 /* MMDrawable.swift in Sources */ = {isa = PBXBuildFile; fileRef = 2BBF11B421EADB46001C94E9 /* MMDrawable.swift */; };
		2BBF11C921EADB46001C94E9 /* MMUtils.swift in Sources */ = {isa = PBXBuildFile; fileRef = 2BBF11B521EADB46001C94E9 /* MMUtils.swift */; };
		2BBF11CA21EADB46001C94E9 /* MMUtils.swift in Sources */ = {isa = PBXBuildFile; fileRef = 2BBF11B521EADB46001C94E9 /* MMUtils.swift */; };
		2BBF11CB21EADB46001C94E9 /* MMView.swift in Sources */ = {isa = PBXBuildFile; fileRef = 2BBF11B621EADB46001C94E9 /* MMView.swift */; };
		2BBF11CC21EADB46001C94E9 /* MMView.swift in Sources */ = {isa = PBXBuildFile; fileRef = 2BBF11B621EADB46001C94E9 /* MMView.swift */; };
		2BBF11CD21EADB46001C94E9 /* MMBaseView_mac.swift in Sources */ = {isa = PBXBuildFile; fileRef = 2BBF11B721EADB46001C94E9 /* MMBaseView_mac.swift */; };
		2BBF11CF21EADB46001C94E9 /* MMFont.swift in Sources */ = {isa = PBXBuildFile; fileRef = 2BBF11B821EADB46001C94E9 /* MMFont.swift */; };
		2BBF11D021EADB46001C94E9 /* MMFont.swift in Sources */ = {isa = PBXBuildFile; fileRef = 2BBF11B821EADB46001C94E9 /* MMFont.swift */; };
		2BBF11D121EADB46001C94E9 /* MMLabel.swift in Sources */ = {isa = PBXBuildFile; fileRef = 2BBF11B921EADB46001C94E9 /* MMLabel.swift */; };
		2BBF11D221EADB46001C94E9 /* MMLabel.swift in Sources */ = {isa = PBXBuildFile; fileRef = 2BBF11B921EADB46001C94E9 /* MMLabel.swift */; };
		2BBF11D321EADB46001C94E9 /* MMCompute.swift in Sources */ = {isa = PBXBuildFile; fileRef = 2BBF11BA21EADB46001C94E9 /* MMCompute.swift */; };
		2BBF11D421EADB46001C94E9 /* MMCompute.swift in Sources */ = {isa = PBXBuildFile; fileRef = 2BBF11BA21EADB46001C94E9 /* MMCompute.swift */; };
		2BBF11D521EADB46001C94E9 /* MMScrollArea.swift in Sources */ = {isa = PBXBuildFile; fileRef = 2BBF11BB21EADB46001C94E9 /* MMScrollArea.swift */; };
		2BBF11D621EADB46001C94E9 /* MMScrollArea.swift in Sources */ = {isa = PBXBuildFile; fileRef = 2BBF11BB21EADB46001C94E9 /* MMScrollArea.swift */; };
		2BBF11D721EADB46001C94E9 /* MMSkin.swift in Sources */ = {isa = PBXBuildFile; fileRef = 2BBF11BC21EADB46001C94E9 /* MMSkin.swift */; };
		2BBF11D821EADB46001C94E9 /* MMSkin.swift in Sources */ = {isa = PBXBuildFile; fileRef = 2BBF11BC21EADB46001C94E9 /* MMSkin.swift */; };
		2BBF11DE21EADB46001C94E9 /* MMBaseView__ios.swift in Sources */ = {isa = PBXBuildFile; fileRef = 2BBF11C021EADB46001C94E9 /* MMBaseView__ios.swift */; };
		2BBF11E121EC1A92001C94E9 /* Shape.swift in Sources */ = {isa = PBXBuildFile; fileRef = 2BBF11E021EC1A92001C94E9 /* Shape.swift */; };
		2BBF11E221EC1A92001C94E9 /* Shape.swift in Sources */ = {isa = PBXBuildFile; fileRef = 2BBF11E021EC1A92001C94E9 /* Shape.swift */; };
		2BBF11E721EC4DC7001C94E9 /* ShapeSelector.swift in Sources */ = {isa = PBXBuildFile; fileRef = 2BBF11E621EC4DC7001C94E9 /* ShapeSelector.swift */; };
		2BBF11E821EC4DC7001C94E9 /* ShapeSelector.swift in Sources */ = {isa = PBXBuildFile; fileRef = 2BBF11E621EC4DC7001C94E9 /* ShapeSelector.swift */; };
		2BBF11EA21ED623F001C94E9 /* EditorWidget.swift in Sources */ = {isa = PBXBuildFile; fileRef = 2BBF11E921ED623F001C94E9 /* EditorWidget.swift */; };
		2BBF11EB21ED623F001C94E9 /* EditorWidget.swift in Sources */ = {isa = PBXBuildFile; fileRef = 2BBF11E921ED623F001C94E9 /* EditorWidget.swift */; };
		2BBF11F021EEC618001C94E9 /* ShapeFactory.swift in Sources */ = {isa = PBXBuildFile; fileRef = 2BBF11EF21EEC618001C94E9 /* ShapeFactory.swift */; };
		2BBF11F121EEC618001C94E9 /* ShapeFactory.swift in Sources */ = {isa = PBXBuildFile; fileRef = 2BBF11EF21EEC618001C94E9 /* ShapeFactory.swift */; };
		2BBF11F621F02EAD001C94E9 /* ShapeList.swift in Sources */ = {isa = PBXBuildFile; fileRef = 2BBF11F521F02EAD001C94E9 /* ShapeList.swift */; };
		2BBF11F721F02EAD001C94E9 /* ShapeList.swift in Sources */ = {isa = PBXBuildFile; fileRef = 2BBF11F521F02EAD001C94E9 /* ShapeList.swift */; };
		2BBF11F921F55D20001C94E9 /* Object.swift in Sources */ = {isa = PBXBuildFile; fileRef = 2BBF11F821F55D20001C94E9 /* Object.swift */; };
		2BBF11FA21F55D20001C94E9 /* Object.swift in Sources */ = {isa = PBXBuildFile; fileRef = 2BBF11F821F55D20001C94E9 /* Object.swift */; };
		2BBF11FF21F808B1001C94E9 /* Gizmo.swift in Sources */ = {isa = PBXBuildFile; fileRef = 2BBF11FE21F808B1001C94E9 /* Gizmo.swift */; };
		2BBF120021F808B1001C94E9 /* Gizmo.swift in Sources */ = {isa = PBXBuildFile; fileRef = 2BBF11FE21F808B1001C94E9 /* Gizmo.swift */; };
		2BBF120221F80B32001C94E9 /* Gizmo.metal in Sources */ = {isa = PBXBuildFile; fileRef = 2BBF120121F80B32001C94E9 /* Gizmo.metal */; };
		2BBF120321F80B32001C94E9 /* Gizmo.metal in Sources */ = {isa = PBXBuildFile; fileRef = 2BBF120121F80B32001C94E9 /* Gizmo.metal */; };
		2BC5DCE4231794050081A018 /* Dialogs.swift in Sources */ = {isa = PBXBuildFile; fileRef = 2BC5DCE3231794050081A018 /* Dialogs.swift */; };
		2BC5DCE5231794050081A018 /* Dialogs.swift in Sources */ = {isa = PBXBuildFile; fileRef = 2BC5DCE3231794050081A018 /* Dialogs.swift */; };
		2BCEC68E22A9FC48008DE5F4 /* SceneNodes.swift in Sources */ = {isa = PBXBuildFile; fileRef = 2BCEC68D22A9FC48008DE5F4 /* SceneNodes.swift */; };
		2BCEC68F22A9FC48008DE5F4 /* SceneNodes.swift in Sources */ = {isa = PBXBuildFile; fileRef = 2BCEC68D22A9FC48008DE5F4 /* SceneNodes.swift */; };
		2BCF5FA3227D6EC3002FCB37 /* Variables.swift in Sources */ = {isa = PBXBuildFile; fileRef = 2BCF5FA2227D6EC3002FCB37 /* Variables.swift */; };
		2BCF5FA4227D6EC3002FCB37 /* Variables.swift in Sources */ = {isa = PBXBuildFile; fileRef = 2BCF5FA2227D6EC3002FCB37 /* Variables.swift */; };
		2BE67102221259F500B95241 /* Node.swift in Sources */ = {isa = PBXBuildFile; fileRef = 2BE67101221259F500B95241 /* Node.swift */; };
		2BE67103221259F500B95241 /* Node.swift in Sources */ = {isa = PBXBuildFile; fileRef = 2BE67101221259F500B95241 /* Node.swift */; };
		2BE6710522125D7D00B95241 /* NodeGraph.swift in Sources */ = {isa = PBXBuildFile; fileRef = 2BE6710422125D7D00B95241 /* NodeGraph.swift */; };
		2BE6710622125D7D00B95241 /* NodeGraph.swift in Sources */ = {isa = PBXBuildFile; fileRef = 2BE6710422125D7D00B95241 /* NodeGraph.swift */; };
		2BE67108221291D300B95241 /* Node.metal in Sources */ = {isa = PBXBuildFile; fileRef = 2BE67107221291D200B95241 /* Node.metal */; };
		2BE67109221291D300B95241 /* Node.metal in Sources */ = {isa = PBXBuildFile; fileRef = 2BE67107221291D200B95241 /* Node.metal */; };
		2BE6710B2213ACDD00B95241 /* ObjectMaxDelegate.swift in Sources */ = {isa = PBXBuildFile; fileRef = 2BE6710A2213ACDD00B95241 /* ObjectMaxDelegate.swift */; };
		2BE6710C2213ACDD00B95241 /* ObjectMaxDelegate.swift in Sources */ = {isa = PBXBuildFile; fileRef = 2BE6710A2213ACDD00B95241 /* ObjectMaxDelegate.swift */; };
		2BEA8C3722573CE20010C204 /* MMFloatWidget.swift in Sources */ = {isa = PBXBuildFile; fileRef = 2BEA8C3622573CD30010C204 /* MMFloatWidget.swift */; };
		2BEA8C3822573CE20010C204 /* MMFloatWidget.swift in Sources */ = {isa = PBXBuildFile; fileRef = 2BEA8C3622573CD30010C204 /* MMFloatWidget.swift */; };
		2BED879D228B9D9C005CE147 /* MMScreen.swift in Sources */ = {isa = PBXBuildFile; fileRef = 2BED879C228B9D9C005CE147 /* MMScreen.swift */; };
		2BED879E228B9D9C005CE147 /* MMScreen.swift in Sources */ = {isa = PBXBuildFile; fileRef = 2BED879C228B9D9C005CE147 /* MMScreen.swift */; };
		2BF5D361221D2B2400EAAA76 /* ObjectNodes.swift in Sources */ = {isa = PBXBuildFile; fileRef = 2BF5D360221D2B2400EAAA76 /* ObjectNodes.swift */; };
		2BF5D362221D2B2400EAAA76 /* ObjectNodes.swift in Sources */ = {isa = PBXBuildFile; fileRef = 2BF5D360221D2B2400EAAA76 /* ObjectNodes.swift */; };
		2BF5D3652220D50D00EAAA76 /* Behavior.swift in Sources */ = {isa = PBXBuildFile; fileRef = 2BF5D3642220D50D00EAAA76 /* Behavior.swift */; };
		2BF5D3662220D50D00EAAA76 /* Behavior.swift in Sources */ = {isa = PBXBuildFile; fileRef = 2BF5D3642220D50D00EAAA76 /* Behavior.swift */; };
		2BFBC58722D2C51300A27FAD /* ReferenceList.swift in Sources */ = {isa = PBXBuildFile; fileRef = 2BFBC58622D2C51300A27FAD /* ReferenceList.swift */; };
		2BFBC58822D2C51300A27FAD /* ReferenceList.swift in Sources */ = {isa = PBXBuildFile; fileRef = 2BFBC58622D2C51300A27FAD /* ReferenceList.swift */; };
/* End PBXBuildFile section */

/* Begin PBXFileReference section */
		2B0271762353FDA0009178F6 /* zoom_minus.tiff */ = {isa = PBXFileReference; lastKnownFileType = image.tiff; path = zoom_minus.tiff; sourceTree = "<group>"; };
		2B0271772353FDA1009178F6 /* zoom_plus.tiff */ = {isa = PBXFileReference; lastKnownFileType = image.tiff; path = zoom_plus.tiff; sourceTree = "<group>"; };
		2B02717C235403FC009178F6 /* MMSliderWidget.swift */ = {isa = PBXFileReference; lastKnownFileType = sourcecode.swift; path = MMSliderWidget.swift; sourceTree = "<group>"; };
		2B02B97522F7D1C100EFCC74 /* SceneRenderer.swift */ = {isa = PBXFileReference; lastKnownFileType = sourcecode.swift; path = SceneRenderer.swift; sourceTree = "<group>"; };
		2B035151231A076700ACBB78 /* sz_toolbar.tiff */ = {isa = PBXFileReference; lastKnownFileType = image.tiff; path = sz_toolbar.tiff; sourceTree = "<group>"; };
		2B06710D22B1DCC200983A76 /* GizmoInfoArea.swift */ = {isa = PBXFileReference; lastKnownFileType = sourcecode.swift; path = GizmoInfoArea.swift; sourceTree = "<group>"; };
		2B0C6A5F2338A3CA0073EF18 /* Pinball.shape-z */ = {isa = PBXFileReference; fileEncoding = 4; lastKnownFileType = text; path = "Pinball.shape-z"; sourceTree = "<group>"; };
		2B12841023475B54001170B2 /* navigation.tiff */ = {isa = PBXFileReference; lastKnownFileType = image.tiff; path = navigation.tiff; sourceTree = "<group>"; };
		2B128760225DA62E00BF0E22 /* MMFloatPopUp.swift */ = {isa = PBXFileReference; lastKnownFileType = sourcecode.swift; path = MMFloatPopUp.swift; sourceTree = "<group>"; };
		2B333D12226043FF0008A8CF /* MMScrollButton.swift */ = {isa = PBXFileReference; lastKnownFileType = sourcecode.swift; path = MMScrollButton.swift; sourceTree = "<group>"; };
		2B3AC54B22EBD67F0013A60E /* MMInfoArea.swift */ = {isa = PBXFileReference; lastKnownFileType = sourcecode.swift; path = MMInfoArea.swift; sourceTree = "<group>"; };
		2B46E95C224330050047A94A /* MMTabWidget.swift */ = {isa = PBXFileReference; lastKnownFileType = sourcecode.swift; path = MMTabWidget.swift; sourceTree = "<group>"; };
		2B46E95F224367AF0047A94A /* Material.swift */ = {isa = PBXFileReference; lastKnownFileType = sourcecode.swift; path = Material.swift; sourceTree = "<group>"; };
		2B46E962224466CC0047A94A /* MaterialFactory.swift */ = {isa = PBXFileReference; lastKnownFileType = sourcecode.swift; path = MaterialFactory.swift; sourceTree = "<group>"; };
		2B46E965224481AB0047A94A /* MaterialSelector.swift */ = {isa = PBXFileReference; lastKnownFileType = sourcecode.swift; path = MaterialSelector.swift; sourceTree = "<group>"; };
		2B46E9682245C1EF0047A94A /* MaterialList.swift */ = {isa = PBXFileReference; lastKnownFileType = sourcecode.swift; path = MaterialList.swift; sourceTree = "<group>"; };
		2B4C380E2272AA2F0017361E /* ObjectProfile.swift */ = {isa = PBXFileReference; lastKnownFileType = sourcecode.swift; path = ObjectProfile.swift; sourceTree = "<group>"; };
		2B4C380F2272AA3A0017361E /* ObjectProfileMaxDelegate.swift */ = {isa = PBXFileReference; lastKnownFileType = sourcecode.swift; path = ObjectProfileMaxDelegate.swift; sourceTree = "<group>"; };
		2B4CC2262222260600A47812 /* Layer.swift */ = {isa = PBXFileReference; lastKnownFileType = sourcecode.swift; path = Layer.swift; sourceTree = "<group>"; };
		2B4CC2292222301300A47812 /* LayerMaxDelegate.swift */ = {isa = PBXFileReference; lastKnownFileType = sourcecode.swift; path = LayerMaxDelegate.swift; sourceTree = "<group>"; };
		2B4CC22C2226669000A47812 /* NodeUI.swift */ = {isa = PBXFileReference; lastKnownFileType = sourcecode.swift; path = NodeUI.swift; sourceTree = "<group>"; };
		2B4CC22F222F5D5C00A47812 /* Physics.swift */ = {isa = PBXFileReference; lastKnownFileType = sourcecode.swift; path = Physics.swift; sourceTree = "<group>"; };
		2B501A5C22CC5426008D409F /* DebugBuilder.swift */ = {isa = PBXFileReference; lastKnownFileType = sourcecode.swift; path = DebugBuilder.swift; sourceTree = "<group>"; };
		2B57D78E2358149600E8BF65 /* GameCuben.tiff */ = {isa = PBXFileReference; lastKnownFileType = image.tiff; path = GameCuben.tiff; sourceTree = "<group>"; };
		2B57D78F2358149600E8BF65 /* GameCuben.json */ = {isa = PBXFileReference; fileEncoding = 4; lastKnownFileType = text.json; path = GameCuben.json; sourceTree = "<group>"; };
		2B57D79423581AE400E8BF65 /* GibBrickPlox.json */ = {isa = PBXFileReference; fileEncoding = 4; lastKnownFileType = text.json; path = GibBrickPlox.json; sourceTree = "<group>"; };
		2B57D79523581AE400E8BF65 /* GibBrickPlox.tiff */ = {isa = PBXFileReference; lastKnownFileType = image.tiff; path = GibBrickPlox.tiff; sourceTree = "<group>"; };
		2B57D79D2358269100E8BF65 /* Pong.shape-z */ = {isa = PBXFileReference; fileEncoding = 4; lastKnownFileType = text; path = "Pong.shape-z"; sourceTree = "<group>"; };
		2B5CCAFE2214F2FF005BAA2B /* Builder.swift */ = {isa = PBXFileReference; lastKnownFileType = sourcecode.swift; path = Builder.swift; sourceTree = "<group>"; };
		2B5CCB0122152EB6005BAA2B /* MMListWidget.swift */ = {isa = PBXFileReference; lastKnownFileType = sourcecode.swift; path = MMListWidget.swift; sourceTree = "<group>"; };
		2B5CCB0422169D76005BAA2B /* Shape-Z iOS.entitlements */ = {isa = PBXFileReference; lastKnownFileType = text.plist.entitlements; path = "Shape-Z iOS.entitlements"; sourceTree = "<group>"; };
		2B5F50672298FC7900D3B6C5 /* GameApp.swift */ = {isa = PBXFileReference; lastKnownFileType = sourcecode.swift; path = GameApp.swift; sourceTree = "<group>"; };
		2B5F50682298FC8100D3B6C5 /* GameRegion.swift */ = {isa = PBXFileReference; lastKnownFileType = sourcecode.swift; path = GameRegion.swift; sourceTree = "<group>"; };
		2B5F50692298FC8500D3B6C5 /* GameWidget.swift */ = {isa = PBXFileReference; lastKnownFileType = sourcecode.swift; path = GameWidget.swift; sourceTree = "<group>"; };
		2B5FE42622C213410046A435 /* CloudKit.framework */ = {isa = PBXFileReference; lastKnownFileType = wrapper.framework; name = CloudKit.framework; path = Platforms/iPhoneOS.platform/Developer/SDKs/iPhoneOS12.2.sdk/System/Library/Frameworks/CloudKit.framework; sourceTree = DEVELOPER_DIR; };
		2B5FE42822C213690046A435 /* CloudKit.framework */ = {isa = PBXFileReference; lastKnownFileType = wrapper.framework; name = CloudKit.framework; path = System/Library/Frameworks/CloudKit.framework; sourceTree = SDKROOT; };
		2B639F16221791F500576542 /* NodeList.swift */ = {isa = PBXFileReference; lastKnownFileType = sourcecode.swift; path = NodeList.swift; sourceTree = "<group>"; };
		2B639F19221A32CD00576542 /* MMFile.swift */ = {isa = PBXFileReference; lastKnownFileType = sourcecode.swift; path = MMFile.swift; sourceTree = "<group>"; };
		2B6CCE45231F4FD600ECA35B /* union_off.tiff */ = {isa = PBXFileReference; lastKnownFileType = image.tiff; path = union_off.tiff; sourceTree = "<group>"; };
		2B6CCE48231F4FE200ECA35B /* union_on.tiff */ = {isa = PBXFileReference; lastKnownFileType = image.tiff; path = union_on.tiff; sourceTree = "<group>"; };
		2B6CCE4B231F59E700ECA35B /* substract_on.tiff */ = {isa = PBXFileReference; lastKnownFileType = image.tiff; path = substract_on.tiff; sourceTree = "<group>"; };
		2B6CCE4C231F59E700ECA35B /* substract_off.tiff */ = {isa = PBXFileReference; lastKnownFileType = image.tiff; path = substract_off.tiff; sourceTree = "<group>"; };
		2B6CCE51231F5A4500ECA35B /* intersection_off.tiff */ = {isa = PBXFileReference; lastKnownFileType = image.tiff; path = intersection_off.tiff; sourceTree = "<group>"; };
		2B6CCE52231F5A4500ECA35B /* intersection_on.tiff */ = {isa = PBXFileReference; lastKnownFileType = image.tiff; path = intersection_on.tiff; sourceTree = "<group>"; };
		2B6CCE57231F5E5E00ECA35B /* background.tiff */ = {isa = PBXFileReference; lastKnownFileType = image.tiff; path = background.tiff; sourceTree = "<group>"; };
		2B6CCE58231F5E5F00ECA35B /* foreground.tiff */ = {isa = PBXFileReference; lastKnownFileType = image.tiff; path = foreground.tiff; sourceTree = "<group>"; };
		2B6D0034228907F400BEDCFD /* LayerAreaMaxDelegate.swift */ = {isa = PBXFileReference; lastKnownFileType = sourcecode.swift; path = LayerAreaMaxDelegate.swift; sourceTree = "<group>"; };
		2B8864EC21FABAAB00F24E8A /* MMAnimate.swift */ = {isa = PBXFileReference; lastKnownFileType = sourcecode.swift; path = MMAnimate.swift; sourceTree = "<group>"; };
		2B8BBA8622A4AA4600E541B9 /* OpenSans.tiff */ = {isa = PBXFileReference; lastKnownFileType = image.tiff; path = OpenSans.tiff; sourceTree = "<group>"; };
		2B8BBA8722A4AA4600E541B9 /* OpenSans.json */ = {isa = PBXFileReference; fileEncoding = 4; lastKnownFileType = text.json; path = OpenSans.json; sourceTree = "<group>"; };
		2BA344A121FE8497000BB2EB /* MMTimeline.swift */ = {isa = PBXFileReference; lastKnownFileType = sourcecode.swift; path = MMTimeline.swift; sourceTree = "<group>"; };
		2BA344AC22029FA4000BB2EB /* MMFragment.swift */ = {isa = PBXFileReference; lastKnownFileType = sourcecode.swift; path = MMFragment.swift; sourceTree = "<group>"; };
		2BA6163B22597EF400638794 /* MMColorWidget.swift */ = {isa = PBXFileReference; lastKnownFileType = sourcecode.swift; path = MMColorWidget.swift; sourceTree = "<group>"; };
		2BAC26D4226D640300E20ADD /* Game.swift */ = {isa = PBXFileReference; lastKnownFileType = sourcecode.swift; path = Game.swift; sourceTree = "<group>"; };
		2BAC26D7226D652E00E20ADD /* Scene.swift */ = {isa = PBXFileReference; lastKnownFileType = sourcecode.swift; path = Scene.swift; sourceTree = "<group>"; };
		2BAC26DA226D6B6400E20ADD /* BehaviorLeaves.swift */ = {isa = PBXFileReference; lastKnownFileType = sourcecode.swift; path = BehaviorLeaves.swift; sourceTree = "<group>"; };
		2BAC26DD226D6B8F00E20ADD /* GameNodes.swift */ = {isa = PBXFileReference; lastKnownFileType = sourcecode.swift; path = GameNodes.swift; sourceTree = "<group>"; };
		2BAC26E0226FE7A900E20ADD /* DiskBuilder.swift */ = {isa = PBXFileReference; lastKnownFileType = sourcecode.swift; path = DiskBuilder.swift; sourceTree = "<group>"; };
		2BB6B05F231A069A0067B217 /* sz_ui_grey.tiff */ = {isa = PBXFileReference; lastKnownFileType = image.tiff; path = sz_ui_grey.tiff; sourceTree = "<group>"; };
		2BB6B060231A069A0067B217 /* sz_ui_blue.tiff */ = {isa = PBXFileReference; lastKnownFileType = image.tiff; path = sz_ui_blue.tiff; sourceTree = "<group>"; };
		2BBF0F4B225C397A009950E3 /* Renderer.metal */ = {isa = PBXFileReference; lastKnownFileType = sourcecode.metal; path = Renderer.metal; sourceTree = "<group>"; };
		2BBF10F621EAD2AF001C94E9 /* Shape-Z.app */ = {isa = PBXFileReference; explicitFileType = wrapper.application; includeInIndex = 0; path = "Shape-Z.app"; sourceTree = BUILT_PRODUCTS_DIR; };
		2BBF10F921EAD2AF001C94E9 /* AppDelegate.swift */ = {isa = PBXFileReference; lastKnownFileType = sourcecode.swift; path = AppDelegate.swift; sourceTree = "<group>"; };
		2BBF10FB21EAD2AF001C94E9 /* ViewController.swift */ = {isa = PBXFileReference; lastKnownFileType = sourcecode.swift; path = ViewController.swift; sourceTree = "<group>"; };
		2BBF10FE21EAD2AF001C94E9 /* Shape_Z.xcdatamodel */ = {isa = PBXFileReference; lastKnownFileType = wrapper.xcdatamodel; path = Shape_Z.xcdatamodel; sourceTree = "<group>"; };
		2BBF110021EAD2B0001C94E9 /* Assets.xcassets */ = {isa = PBXFileReference; lastKnownFileType = folder.assetcatalog; path = Assets.xcassets; sourceTree = "<group>"; };
		2BBF110321EAD2B0001C94E9 /* Base */ = {isa = PBXFileReference; lastKnownFileType = file.storyboard; name = Base; path = Base.lproj/Main.storyboard; sourceTree = "<group>"; };
		2BBF110521EAD2B0001C94E9 /* Info.plist */ = {isa = PBXFileReference; lastKnownFileType = text.plist.xml; path = Info.plist; sourceTree = "<group>"; };
		2BBF110621EAD2B0001C94E9 /* Shape_Z.entitlements */ = {isa = PBXFileReference; lastKnownFileType = text.plist.entitlements; path = Shape_Z.entitlements; sourceTree = "<group>"; };
		2BBF112C21EAD38D001C94E9 /* Shape-Z.app */ = {isa = PBXFileReference; explicitFileType = wrapper.application; includeInIndex = 0; path = "Shape-Z.app"; sourceTree = BUILT_PRODUCTS_DIR; };
		2BBF112E21EAD38E001C94E9 /* AppDelegate.swift */ = {isa = PBXFileReference; lastKnownFileType = sourcecode.swift; path = AppDelegate.swift; sourceTree = "<group>"; };
		2BBF113021EAD38E001C94E9 /* ViewController.swift */ = {isa = PBXFileReference; lastKnownFileType = sourcecode.swift; path = ViewController.swift; sourceTree = "<group>"; };
		2BBF113321EAD38E001C94E9 /* Base */ = {isa = PBXFileReference; lastKnownFileType = file.storyboard; name = Base; path = Base.lproj/Main.storyboard; sourceTree = "<group>"; };
		2BBF113621EAD38E001C94E9 /* Shape_Z_iOS.xcdatamodel */ = {isa = PBXFileReference; lastKnownFileType = wrapper.xcdatamodel; path = Shape_Z_iOS.xcdatamodel; sourceTree = "<group>"; };
		2BBF113821EAD38E001C94E9 /* Assets.xcassets */ = {isa = PBXFileReference; lastKnownFileType = folder.assetcatalog; path = Assets.xcassets; sourceTree = "<group>"; };
		2BBF113B21EAD38E001C94E9 /* Base */ = {isa = PBXFileReference; lastKnownFileType = file.storyboard; name = Base; path = Base.lproj/LaunchScreen.storyboard; sourceTree = "<group>"; };
		2BBF113D21EAD38E001C94E9 /* Info.plist */ = {isa = PBXFileReference; lastKnownFileType = text.plist.xml; path = Info.plist; sourceTree = "<group>"; };
		2BBF119721EAD46B001C94E9 /* TopRegion.swift */ = {isa = PBXFileReference; fileEncoding = 4; lastKnownFileType = sourcecode.swift; path = TopRegion.swift; sourceTree = "<group>"; };
		2BBF119821EAD46B001C94E9 /* LeftRegion.swift */ = {isa = PBXFileReference; fileEncoding = 4; lastKnownFileType = sourcecode.swift; path = LeftRegion.swift; sourceTree = "<group>"; };
		2BBF119921EAD46B001C94E9 /* AppShaders.metal */ = {isa = PBXFileReference; fileEncoding = 4; lastKnownFileType = sourcecode.metal; path = AppShaders.metal; sourceTree = "<group>"; };
		2BBF119A21EAD46B001C94E9 /* Mad4Metal_types.h */ = {isa = PBXFileReference; fileEncoding = 4; lastKnownFileType = sourcecode.c.h; path = Mad4Metal_types.h; sourceTree = "<group>"; };
		2BBF119B21EAD46B001C94E9 /* BottomRegion.swift */ = {isa = PBXFileReference; fileEncoding = 4; lastKnownFileType = sourcecode.swift; path = BottomRegion.swift; sourceTree = "<group>"; };
		2BBF119C21EAD46B001C94E9 /* RightRegion.swift */ = {isa = PBXFileReference; fileEncoding = 4; lastKnownFileType = sourcecode.swift; path = RightRegion.swift; sourceTree = "<group>"; };
		2BBF119D21EAD46B001C94E9 /* EditorRegion.swift */ = {isa = PBXFileReference; fileEncoding = 4; lastKnownFileType = sourcecode.swift; path = EditorRegion.swift; sourceTree = "<group>"; };
		2BBF119E21EAD46B001C94E9 /* Mad4Metal.metal */ = {isa = PBXFileReference; fileEncoding = 4; lastKnownFileType = sourcecode.metal; path = Mad4Metal.metal; sourceTree = "<group>"; };
		2BBF119F21EAD46B001C94E9 /* App.swift */ = {isa = PBXFileReference; fileEncoding = 4; lastKnownFileType = sourcecode.swift; path = App.swift; sourceTree = "<group>"; };
		2BBF11B121EADB46001C94E9 /* MMRenderer.swift */ = {isa = PBXFileReference; fileEncoding = 4; lastKnownFileType = sourcecode.swift; path = MMRenderer.swift; sourceTree = "<group>"; };
		2BBF11B221EADB46001C94E9 /* MMWidget.swift */ = {isa = PBXFileReference; fileEncoding = 4; lastKnownFileType = sourcecode.swift; path = MMWidget.swift; sourceTree = "<group>"; };
		2BBF11B321EADB46001C94E9 /* MMRegion.swift */ = {isa = PBXFileReference; fileEncoding = 4; lastKnownFileType = sourcecode.swift; path = MMRegion.swift; sourceTree = "<group>"; };
		2BBF11B421EADB46001C94E9 /* MMDrawable.swift */ = {isa = PBXFileReference; fileEncoding = 4; lastKnownFileType = sourcecode.swift; path = MMDrawable.swift; sourceTree = "<group>"; };
		2BBF11B521EADB46001C94E9 /* MMUtils.swift */ = {isa = PBXFileReference; fileEncoding = 4; lastKnownFileType = sourcecode.swift; path = MMUtils.swift; sourceTree = "<group>"; };
		2BBF11B621EADB46001C94E9 /* MMView.swift */ = {isa = PBXFileReference; fileEncoding = 4; lastKnownFileType = sourcecode.swift; path = MMView.swift; sourceTree = "<group>"; };
		2BBF11B721EADB46001C94E9 /* MMBaseView_mac.swift */ = {isa = PBXFileReference; fileEncoding = 4; lastKnownFileType = sourcecode.swift; path = MMBaseView_mac.swift; sourceTree = "<group>"; };
		2BBF11B821EADB46001C94E9 /* MMFont.swift */ = {isa = PBXFileReference; fileEncoding = 4; lastKnownFileType = sourcecode.swift; path = MMFont.swift; sourceTree = "<group>"; };
		2BBF11B921EADB46001C94E9 /* MMLabel.swift */ = {isa = PBXFileReference; fileEncoding = 4; lastKnownFileType = sourcecode.swift; path = MMLabel.swift; sourceTree = "<group>"; };
		2BBF11BA21EADB46001C94E9 /* MMCompute.swift */ = {isa = PBXFileReference; fileEncoding = 4; lastKnownFileType = sourcecode.swift; path = MMCompute.swift; sourceTree = "<group>"; };
		2BBF11BB21EADB46001C94E9 /* MMScrollArea.swift */ = {isa = PBXFileReference; fileEncoding = 4; lastKnownFileType = sourcecode.swift; path = MMScrollArea.swift; sourceTree = "<group>"; };
		2BBF11BC21EADB46001C94E9 /* MMSkin.swift */ = {isa = PBXFileReference; fileEncoding = 4; lastKnownFileType = sourcecode.swift; path = MMSkin.swift; sourceTree = "<group>"; };
		2BBF11C021EADB46001C94E9 /* MMBaseView__ios.swift */ = {isa = PBXFileReference; fileEncoding = 4; lastKnownFileType = sourcecode.swift; path = MMBaseView__ios.swift; sourceTree = "<group>"; };
		2BBF11E021EC1A92001C94E9 /* Shape.swift */ = {isa = PBXFileReference; lastKnownFileType = sourcecode.swift; path = Shape.swift; sourceTree = "<group>"; };
		2BBF11E621EC4DC7001C94E9 /* ShapeSelector.swift */ = {isa = PBXFileReference; lastKnownFileType = sourcecode.swift; path = ShapeSelector.swift; sourceTree = "<group>"; };
		2BBF11E921ED623F001C94E9 /* EditorWidget.swift */ = {isa = PBXFileReference; lastKnownFileType = sourcecode.swift; path = EditorWidget.swift; sourceTree = "<group>"; };
		2BBF11EF21EEC618001C94E9 /* ShapeFactory.swift */ = {isa = PBXFileReference; lastKnownFileType = sourcecode.swift; path = ShapeFactory.swift; sourceTree = "<group>"; };
		2BBF11F521F02EAD001C94E9 /* ShapeList.swift */ = {isa = PBXFileReference; lastKnownFileType = sourcecode.swift; path = ShapeList.swift; sourceTree = "<group>"; };
		2BBF11F821F55D20001C94E9 /* Object.swift */ = {isa = PBXFileReference; lastKnownFileType = sourcecode.swift; path = Object.swift; sourceTree = "<group>"; };
		2BBF11FE21F808B1001C94E9 /* Gizmo.swift */ = {isa = PBXFileReference; lastKnownFileType = sourcecode.swift; path = Gizmo.swift; sourceTree = "<group>"; };
		2BBF120121F80B32001C94E9 /* Gizmo.metal */ = {isa = PBXFileReference; lastKnownFileType = sourcecode.metal; path = Gizmo.metal; sourceTree = "<group>"; };
		2BBF37DE2293845700DB6A01 /* SceneMaxDelegate.swift */ = {isa = PBXFileReference; lastKnownFileType = sourcecode.swift; path = SceneMaxDelegate.swift; sourceTree = "<group>"; };
		2BC5DCE3231794050081A018 /* Dialogs.swift */ = {isa = PBXFileReference; lastKnownFileType = sourcecode.swift; path = Dialogs.swift; sourceTree = "<group>"; };
		2BCEC68D22A9FC48008DE5F4 /* SceneNodes.swift */ = {isa = PBXFileReference; lastKnownFileType = sourcecode.swift; path = SceneNodes.swift; sourceTree = "<group>"; };
		2BCF5FA2227D6EC3002FCB37 /* Variables.swift */ = {isa = PBXFileReference; lastKnownFileType = sourcecode.swift; path = Variables.swift; sourceTree = "<group>"; };
		2BE67101221259F500B95241 /* Node.swift */ = {isa = PBXFileReference; lastKnownFileType = sourcecode.swift; path = Node.swift; sourceTree = "<group>"; };
		2BE6710422125D7D00B95241 /* NodeGraph.swift */ = {isa = PBXFileReference; lastKnownFileType = sourcecode.swift; path = NodeGraph.swift; sourceTree = "<group>"; };
		2BE67107221291D200B95241 /* Node.metal */ = {isa = PBXFileReference; lastKnownFileType = sourcecode.metal; path = Node.metal; sourceTree = "<group>"; };
		2BE6710A2213ACDD00B95241 /* ObjectMaxDelegate.swift */ = {isa = PBXFileReference; lastKnownFileType = sourcecode.swift; path = ObjectMaxDelegate.swift; sourceTree = "<group>"; };
		2BEA8C3622573CD30010C204 /* MMFloatWidget.swift */ = {isa = PBXFileReference; lastKnownFileType = sourcecode.swift; path = MMFloatWidget.swift; sourceTree = "<group>"; };
		2BED879C228B9D9C005CE147 /* MMScreen.swift */ = {isa = PBXFileReference; lastKnownFileType = sourcecode.swift; path = MMScreen.swift; sourceTree = "<group>"; };
		2BF5D360221D2B2400EAAA76 /* ObjectNodes.swift */ = {isa = PBXFileReference; lastKnownFileType = sourcecode.swift; path = ObjectNodes.swift; sourceTree = "<group>"; };
		2BF5D363221E7E2D00EAAA76 /* Data.h */ = {isa = PBXFileReference; lastKnownFileType = sourcecode.c.h; path = Data.h; sourceTree = "<group>"; };
		2BF5D3642220D50D00EAAA76 /* Behavior.swift */ = {isa = PBXFileReference; lastKnownFileType = sourcecode.swift; path = Behavior.swift; sourceTree = "<group>"; };
		2BFBC58622D2C51300A27FAD /* ReferenceList.swift */ = {isa = PBXFileReference; lastKnownFileType = sourcecode.swift; path = ReferenceList.swift; sourceTree = "<group>"; };
/* End PBXFileReference section */

/* Begin PBXFrameworksBuildPhase section */
		2BBF10F321EAD2AF001C94E9 /* Frameworks */ = {
			isa = PBXFrameworksBuildPhase;
			buildActionMask = 2147483647;
			files = (
				2B5FE42922C213690046A435 /* CloudKit.framework in Frameworks */,
			);
			runOnlyForDeploymentPostprocessing = 0;
		};
		2BBF112921EAD38D001C94E9 /* Frameworks */ = {
			isa = PBXFrameworksBuildPhase;
			buildActionMask = 2147483647;
			files = (
				2B5FE42722C213410046A435 /* CloudKit.framework in Frameworks */,
			);
			runOnlyForDeploymentPostprocessing = 0;
		};
/* End PBXFrameworksBuildPhase section */

/* Begin PBXGroup section */
		2B5CCB0522169D95005BAA2B /* Frameworks */ = {
			isa = PBXGroup;
			children = (
				2B5FE42822C213690046A435 /* CloudKit.framework */,
				2B5FE42622C213410046A435 /* CloudKit.framework */,
			);
			name = Frameworks;
			sourceTree = "<group>";
		};
		2BA344A422015402000BB2EB /* Icons */ = {
			isa = PBXGroup;
			children = (
				2B0271762353FDA0009178F6 /* zoom_minus.tiff */,
				2B0271772353FDA1009178F6 /* zoom_plus.tiff */,
				2B12841023475B54001170B2 /* navigation.tiff */,
				2B6CCE57231F5E5E00ECA35B /* background.tiff */,
				2B6CCE58231F5E5F00ECA35B /* foreground.tiff */,
				2B6CCE51231F5A4500ECA35B /* intersection_off.tiff */,
				2B6CCE52231F5A4500ECA35B /* intersection_on.tiff */,
				2B6CCE4C231F59E700ECA35B /* substract_off.tiff */,
				2B6CCE4B231F59E700ECA35B /* substract_on.tiff */,
				2B6CCE48231F4FE200ECA35B /* union_on.tiff */,
				2B6CCE45231F4FD600ECA35B /* union_off.tiff */,
				2B035151231A076700ACBB78 /* sz_toolbar.tiff */,
				2BB6B060231A069A0067B217 /* sz_ui_blue.tiff */,
				2BB6B05F231A069A0067B217 /* sz_ui_grey.tiff */,
			);
			path = Icons;
			sourceTree = "<group>";
		};
		2BA344A8220157F8000BB2EB /* Icons */ = {
			isa = PBXGroup;
			children = (
			);
			path = Icons;
			sourceTree = "<group>";
		};
		2BB6B0512318AF640067B217 /* Templates */ = {
			isa = PBXGroup;
			children = (
				2B0C6A5F2338A3CA0073EF18 /* Pinball.shape-z */,
				2B57D79D2358269100E8BF65 /* Pong.shape-z */,
			);
			path = Templates;
			sourceTree = "<group>";
		};
		2BBF10ED21EAD2AF001C94E9 = {
			isa = PBXGroup;
			children = (
				2BBF119621EAD46B001C94E9 /* Application */,
				2BBF10F821EAD2AF001C94E9 /* Shape-Z */,
				2BBF112D21EAD38E001C94E9 /* Shape-Z iOS */,
				2BBF11B021EADB46001C94E9 /* Mad4Metal */,
				2BBF10F721EAD2AF001C94E9 /* Products */,
				2B5CCB0522169D95005BAA2B /* Frameworks */,
			);
			sourceTree = "<group>";
		};
		2BBF10F721EAD2AF001C94E9 /* Products */ = {
			isa = PBXGroup;
			children = (
				2BBF10F621EAD2AF001C94E9 /* Shape-Z.app */,
				2BBF112C21EAD38D001C94E9 /* Shape-Z.app */,
			);
			name = Products;
			sourceTree = "<group>";
		};
		2BBF10F821EAD2AF001C94E9 /* Shape-Z */ = {
			isa = PBXGroup;
			children = (
				2BBF10F921EAD2AF001C94E9 /* AppDelegate.swift */,
				2BBF10FB21EAD2AF001C94E9 /* ViewController.swift */,
				2BBF110021EAD2B0001C94E9 /* Assets.xcassets */,
				2BBF110221EAD2B0001C94E9 /* Main.storyboard */,
				2BBF110521EAD2B0001C94E9 /* Info.plist */,
				2BBF110621EAD2B0001C94E9 /* Shape_Z.entitlements */,
				2BBF10FD21EAD2AF001C94E9 /* Shape_Z.xcdatamodeld */,
			);
			path = "Shape-Z";
			sourceTree = "<group>";
		};
		2BBF112D21EAD38E001C94E9 /* Shape-Z iOS */ = {
			isa = PBXGroup;
			children = (
				2BBF112E21EAD38E001C94E9 /* AppDelegate.swift */,
				2BBF113021EAD38E001C94E9 /* ViewController.swift */,
				2BBF113221EAD38E001C94E9 /* Main.storyboard */,
				2BBF113821EAD38E001C94E9 /* Assets.xcassets */,
				2BBF113A21EAD38E001C94E9 /* LaunchScreen.storyboard */,
				2BBF113D21EAD38E001C94E9 /* Info.plist */,
				2B5CCB0422169D76005BAA2B /* Shape-Z iOS.entitlements */,
				2BBF113521EAD38E001C94E9 /* Shape_Z_iOS.xcdatamodeld */,
			);
			path = "Shape-Z iOS";
			sourceTree = "<group>";
		};
		2BBF119621EAD46B001C94E9 /* Application */ = {
			isa = PBXGroup;
			children = (
				2BB6B0512318AF640067B217 /* Templates */,
				2BBF119F21EAD46B001C94E9 /* App.swift */,
				2BC5DCE3231794050081A018 /* Dialogs.swift */,
				2BBF119821EAD46B001C94E9 /* LeftRegion.swift */,
				2BBF119721EAD46B001C94E9 /* TopRegion.swift */,
				2BBF119C21EAD46B001C94E9 /* RightRegion.swift */,
				2BBF119B21EAD46B001C94E9 /* BottomRegion.swift */,
				2BBF119D21EAD46B001C94E9 /* EditorRegion.swift */,
				2BBF11E921ED623F001C94E9 /* EditorWidget.swift */,
				2BBF119921EAD46B001C94E9 /* AppShaders.metal */,
				2BBF119E21EAD46B001C94E9 /* Mad4Metal.metal */,
				2BBF119A21EAD46B001C94E9 /* Mad4Metal_types.h */,
				2BBF0F4B225C397A009950E3 /* Renderer.metal */,
				2BF5D363221E7E2D00EAAA76 /* Data.h */,
				2BBF27AA2298FAC8007655DC /* Game */,
				2BBF11DF21EC1A40001C94E9 /* Layers and Shapes */,
				2BE67100221259A200B95241 /* Nodes */,
				2BA344A422015402000BB2EB /* Icons */,
			);
			path = Application;
			sourceTree = "<group>";
		};
		2BBF11B021EADB46001C94E9 /* Mad4Metal */ = {
			isa = PBXGroup;
			children = (
				2BA344A8220157F8000BB2EB /* Icons */,
				2BBF11BD21EADB46001C94E9 /* Fonts */,
				2BBF11B621EADB46001C94E9 /* MMView.swift */,
				2BBF11B721EADB46001C94E9 /* MMBaseView_mac.swift */,
				2BBF11C021EADB46001C94E9 /* MMBaseView__ios.swift */,
				2BBF11B121EADB46001C94E9 /* MMRenderer.swift */,
				2BBF11B221EADB46001C94E9 /* MMWidget.swift */,
				2BBF11B321EADB46001C94E9 /* MMRegion.swift */,
				2BBF11B421EADB46001C94E9 /* MMDrawable.swift */,
				2BBF11B521EADB46001C94E9 /* MMUtils.swift */,
				2BBF11B821EADB46001C94E9 /* MMFont.swift */,
				2BBF11B921EADB46001C94E9 /* MMLabel.swift */,
				2BEA8C3622573CD30010C204 /* MMFloatWidget.swift */,
				2B02717C235403FC009178F6 /* MMSliderWidget.swift */,
				2B128760225DA62E00BF0E22 /* MMFloatPopUp.swift */,
				2BA6163B22597EF400638794 /* MMColorWidget.swift */,
				2B46E95C224330050047A94A /* MMTabWidget.swift */,
				2BBF11BA21EADB46001C94E9 /* MMCompute.swift */,
				2BA344AC22029FA4000BB2EB /* MMFragment.swift */,
				2BBF11BB21EADB46001C94E9 /* MMScrollArea.swift */,
				2B333D12226043FF0008A8CF /* MMScrollButton.swift */,
				2B5CCB0122152EB6005BAA2B /* MMListWidget.swift */,
				2BBF11BC21EADB46001C94E9 /* MMSkin.swift */,
				2B8864EC21FABAAB00F24E8A /* MMAnimate.swift */,
				2BA344A121FE8497000BB2EB /* MMTimeline.swift */,
				2B639F19221A32CD00576542 /* MMFile.swift */,
				2BED879C228B9D9C005CE147 /* MMScreen.swift */,
				2B3AC54B22EBD67F0013A60E /* MMInfoArea.swift */,
			);
			path = Mad4Metal;
			sourceTree = "<group>";
		};
		2BBF11BD21EADB46001C94E9 /* Fonts */ = {
			isa = PBXGroup;
			children = (
				2B57D79423581AE400E8BF65 /* GibBrickPlox.json */,
				2B57D79523581AE400E8BF65 /* GibBrickPlox.tiff */,
				2B57D78F2358149600E8BF65 /* GameCuben.json */,
				2B57D78E2358149600E8BF65 /* GameCuben.tiff */,
				2B8BBA8722A4AA4600E541B9 /* OpenSans.json */,
				2B8BBA8622A4AA4600E541B9 /* OpenSans.tiff */,
			);
			path = Fonts;
			sourceTree = "<group>";
		};
		2BBF11DF21EC1A40001C94E9 /* Layers and Shapes */ = {
			isa = PBXGroup;
			children = (
				2B5CCAFE2214F2FF005BAA2B /* Builder.swift */,
				2B02B97522F7D1C100EFCC74 /* SceneRenderer.swift */,
				2B501A5C22CC5426008D409F /* DebugBuilder.swift */,
				2B4CC22F222F5D5C00A47812 /* Physics.swift */,
				2BAC26E0226FE7A900E20ADD /* DiskBuilder.swift */,
				2BBF11F821F55D20001C94E9 /* Object.swift */,
				2BE6710A2213ACDD00B95241 /* ObjectMaxDelegate.swift */,
				2B4CC2262222260600A47812 /* Layer.swift */,
				2B4CC2292222301300A47812 /* LayerMaxDelegate.swift */,
				2B4C380E2272AA2F0017361E /* ObjectProfile.swift */,
				2B4C380F2272AA3A0017361E /* ObjectProfileMaxDelegate.swift */,
				2B6D0034228907F400BEDCFD /* LayerAreaMaxDelegate.swift */,
				2BAC26D7226D652E00E20ADD /* Scene.swift */,
				2BBF37DE2293845700DB6A01 /* SceneMaxDelegate.swift */,
				2BAC26D4226D640300E20ADD /* Game.swift */,
				2BBF11E021EC1A92001C94E9 /* Shape.swift */,
				2B46E95F224367AF0047A94A /* Material.swift */,
				2BBF11E621EC4DC7001C94E9 /* ShapeSelector.swift */,
				2B46E965224481AB0047A94A /* MaterialSelector.swift */,
				2BBF11F521F02EAD001C94E9 /* ShapeList.swift */,
				2B46E9682245C1EF0047A94A /* MaterialList.swift */,
				2BBF11EF21EEC618001C94E9 /* ShapeFactory.swift */,
				2B46E962224466CC0047A94A /* MaterialFactory.swift */,
				2BBF11FE21F808B1001C94E9 /* Gizmo.swift */,
				2B06710D22B1DCC200983A76 /* GizmoInfoArea.swift */,
				2BBF120121F80B32001C94E9 /* Gizmo.metal */,
			);
			path = "Layers and Shapes";
			sourceTree = "<group>";
		};
		2BBF27AA2298FAC8007655DC /* Game */ = {
			isa = PBXGroup;
			children = (
				2B5F50672298FC7900D3B6C5 /* GameApp.swift */,
				2B5F50682298FC8100D3B6C5 /* GameRegion.swift */,
				2B5F50692298FC8500D3B6C5 /* GameWidget.swift */,
			);
			path = Game;
			sourceTree = "<group>";
		};
		2BE67100221259A200B95241 /* Nodes */ = {
			isa = PBXGroup;
			children = (
				2BE67101221259F500B95241 /* Node.swift */,
				2B4CC22C2226669000A47812 /* NodeUI.swift */,
				2BF5D360221D2B2400EAAA76 /* ObjectNodes.swift */,
				2BCEC68D22A9FC48008DE5F4 /* SceneNodes.swift */,
				2BAC26DD226D6B8F00E20ADD /* GameNodes.swift */,
				2BF5D3642220D50D00EAAA76 /* Behavior.swift */,
				2BAC26DA226D6B6400E20ADD /* BehaviorLeaves.swift */,
				2BE6710422125D7D00B95241 /* NodeGraph.swift */,
				2BFBC58622D2C51300A27FAD /* ReferenceList.swift */,
				2BE67107221291D200B95241 /* Node.metal */,
				2B639F16221791F500576542 /* NodeList.swift */,
				2BCF5FA2227D6EC3002FCB37 /* Variables.swift */,
			);
			path = Nodes;
			sourceTree = "<group>";
		};
/* End PBXGroup section */

/* Begin PBXNativeTarget section */
		2BBF10F521EAD2AF001C94E9 /* Shape-Z */ = {
			isa = PBXNativeTarget;
			buildConfigurationList = 2BBF111F21EAD2B0001C94E9 /* Build configuration list for PBXNativeTarget "Shape-Z" */;
			buildPhases = (
				2BBF10F221EAD2AF001C94E9 /* Sources */,
				2BBF10F321EAD2AF001C94E9 /* Frameworks */,
				2BBF10F421EAD2AF001C94E9 /* Resources */,
			);
			buildRules = (
			);
			dependencies = (
			);
			name = "Shape-Z";
			productName = "Shape-Z";
			productReference = 2BBF10F621EAD2AF001C94E9 /* Shape-Z.app */;
			productType = "com.apple.product-type.application";
		};
		2BBF112B21EAD38D001C94E9 /* Shape-Z iOS */ = {
			isa = PBXNativeTarget;
			buildConfigurationList = 2BBF115421EAD38E001C94E9 /* Build configuration list for PBXNativeTarget "Shape-Z iOS" */;
			buildPhases = (
				2BBF112821EAD38D001C94E9 /* Sources */,
				2BBF112921EAD38D001C94E9 /* Frameworks */,
				2BBF112A21EAD38D001C94E9 /* Resources */,
			);
			buildRules = (
			);
			dependencies = (
			);
			name = "Shape-Z iOS";
			productName = "Shape-Z iOS";
			productReference = 2BBF112C21EAD38D001C94E9 /* Shape-Z.app */;
			productType = "com.apple.product-type.application";
		};
/* End PBXNativeTarget section */

/* Begin PBXProject section */
		2BBF10EE21EAD2AF001C94E9 /* Project object */ = {
			isa = PBXProject;
			attributes = {
				LastSwiftUpdateCheck = 1010;
				LastUpgradeCheck = 1110;
				ORGANIZATIONNAME = "Markus Moenig";
				TargetAttributes = {
					2BBF10F521EAD2AF001C94E9 = {
						CreatedOnToolsVersion = 10.1;
						LastSwiftMigration = 1020;
						SystemCapabilities = {
							com.apple.Push = {
								enabled = 1;
							};
							com.apple.Sandbox = {
								enabled = 1;
							};
							com.apple.iCloud = {
								enabled = 1;
							};
						};
					};
					2BBF112B21EAD38D001C94E9 = {
						CreatedOnToolsVersion = 10.1;
						LastSwiftMigration = 1020;
						SystemCapabilities = {
							com.apple.Keychain = {
								enabled = 0;
							};
							com.apple.Push = {
								enabled = 1;
							};
							com.apple.iCloud = {
								enabled = 1;
							};
						};
					};
				};
			};
			buildConfigurationList = 2BBF10F121EAD2AF001C94E9 /* Build configuration list for PBXProject "Shape-Z" */;
			compatibilityVersion = "Xcode 9.3";
			developmentRegion = en;
			hasScannedForEncodings = 0;
			knownRegions = (
				en,
				Base,
			);
			mainGroup = 2BBF10ED21EAD2AF001C94E9;
			productRefGroup = 2BBF10F721EAD2AF001C94E9 /* Products */;
			projectDirPath = "";
			projectRoot = "";
			targets = (
				2BBF10F521EAD2AF001C94E9 /* Shape-Z */,
				2BBF112B21EAD38D001C94E9 /* Shape-Z iOS */,
			);
		};
/* End PBXProject section */

/* Begin PBXResourcesBuildPhase section */
		2BBF10F421EAD2AF001C94E9 /* Resources */ = {
			isa = PBXResourcesBuildPhase;
			buildActionMask = 2147483647;
			files = (
				2B6CCE55231F5A4500ECA35B /* intersection_on.tiff in Resources */,
				2B6CCE49231F4FE200ECA35B /* union_on.tiff in Resources */,
				2B6CCE46231F4FD600ECA35B /* union_off.tiff in Resources */,
				2B0C6A612338A3CB0073EF18 /* Pinball.shape-z in Resources */,
				2B12841123475B55001170B2 /* navigation.tiff in Resources */,
				2B57D79623581AE400E8BF65 /* GibBrickPlox.json in Resources */,
				2BB6B063231A069A0067B217 /* sz_ui_blue.tiff in Resources */,
				2B8BBA8822A4AA4600E541B9 /* OpenSans.tiff in Resources */,
				2B8BBA8A22A4AA4600E541B9 /* OpenSans.json in Resources */,
				2B6CCE59231F5E5F00ECA35B /* background.tiff in Resources */,
				2B6CCE5B231F5E5F00ECA35B /* foreground.tiff in Resources */,
				2B035152231A076700ACBB78 /* sz_toolbar.tiff in Resources */,
				2B6CCE4D231F59E700ECA35B /* substract_on.tiff in Resources */,
				2B57D7902358149600E8BF65 /* GameCuben.tiff in Resources */,
				2B5FE42322C0A96F0046A435 /* Assets.xcassets in Resources */,
				2B0271782353FDA1009178F6 /* zoom_minus.tiff in Resources */,
				2B57D79823581AE400E8BF65 /* GibBrickPlox.tiff in Resources */,
				2B57D7922358149600E8BF65 /* GameCuben.json in Resources */,
				2B6CCE53231F5A4500ECA35B /* intersection_off.tiff in Resources */,
				2BB6B061231A069A0067B217 /* sz_ui_grey.tiff in Resources */,
				2BBF110421EAD2B0001C94E9 /* Main.storyboard in Resources */,
				2B57D79E2358269100E8BF65 /* Pong.shape-z in Resources */,
				2B02717A2353FDA1009178F6 /* zoom_plus.tiff in Resources */,
				2B6CCE4F231F59E700ECA35B /* substract_off.tiff in Resources */,
			);
			runOnlyForDeploymentPostprocessing = 0;
		};
		2BBF112A21EAD38D001C94E9 /* Resources */ = {
			isa = PBXResourcesBuildPhase;
			buildActionMask = 2147483647;
			files = (
				2B035154231A195E00ACBB78 /* sz_ui_blue.tiff in Resources */,
				2B57D79723581AE400E8BF65 /* GibBrickPlox.json in Resources */,
				2B6CCE5C231F5E5F00ECA35B /* foreground.tiff in Resources */,
				2B57D7912358149600E8BF65 /* GameCuben.tiff in Resources */,
				2B035153231A195A00ACBB78 /* sz_ui_grey.tiff in Resources */,
				2BBF113C21EAD38E001C94E9 /* LaunchScreen.storyboard in Resources */,
				2B8BBA8922A4AA4600E541B9 /* OpenSans.tiff in Resources */,
				2B6CCE54231F5A4500ECA35B /* intersection_off.tiff in Resources */,
				2B57D7932358149600E8BF65 /* GameCuben.json in Resources */,
				2B57D79923581AE400E8BF65 /* GibBrickPlox.tiff in Resources */,
				2B6CCE5A231F5E5F00ECA35B /* background.tiff in Resources */,
				2BBF113921EAD38E001C94E9 /* Assets.xcassets in Resources */,
				2B8BBA8B22A4AA4600E541B9 /* OpenSans.json in Resources */,
				2B6CCE47231F4FD600ECA35B /* union_off.tiff in Resources */,
				2B6CCE4E231F59E700ECA35B /* substract_on.tiff in Resources */,
				2B02717B2353FDA1009178F6 /* zoom_plus.tiff in Resources */,
				2BBF113421EAD38E001C94E9 /* Main.storyboard in Resources */,
				2B6CCE4A231F4FE200ECA35B /* union_on.tiff in Resources */,
				2B6CCE50231F59E700ECA35B /* substract_off.tiff in Resources */,
				2B57D79F2358269100E8BF65 /* Pong.shape-z in Resources */,
				2B0271792353FDA1009178F6 /* zoom_minus.tiff in Resources */,
				2B6CCE56231F5A4500ECA35B /* intersection_on.tiff in Resources */,
				2B0C6A632338A4950073EF18 /* Pinball.shape-z in Resources */,
				2B12841223475B55001170B2 /* navigation.tiff in Resources */,
				2B035155231A196100ACBB78 /* sz_toolbar.tiff in Resources */,
			);
			runOnlyForDeploymentPostprocessing = 0;
		};
/* End PBXResourcesBuildPhase section */

/* Begin PBXSourcesBuildPhase section */
		2BBF10F221EAD2AF001C94E9 /* Sources */ = {
			isa = PBXSourcesBuildPhase;
			buildActionMask = 2147483647;
			files = (
				2B4CC2272222260600A47812 /* Layer.swift in Sources */,
				2BA344AD2202A0A0000BB2EB /* MMFragment.swift in Sources */,
				2BE6710522125D7D00B95241 /* NodeGraph.swift in Sources */,
				2BBF11C321EADB46001C94E9 /* MMWidget.swift in Sources */,
				2BBF11C121EADB46001C94E9 /* MMRenderer.swift in Sources */,
				2BBF11A621EAD46B001C94E9 /* BottomRegion.swift in Sources */,
				2BF5D3652220D50D00EAAA76 /* Behavior.swift in Sources */,
				2B02B97622F7D1C100EFCC74 /* SceneRenderer.swift in Sources */,
				2BBF11CD21EADB46001C94E9 /* MMBaseView_mac.swift in Sources */,
				2BBF11F621F02EAD001C94E9 /* ShapeList.swift in Sources */,
				2B5CCB0222152EB6005BAA2B /* MMListWidget.swift in Sources */,
				2B06710E22B1DCC200983A76 /* GizmoInfoArea.swift in Sources */,
				2BE67102221259F500B95241 /* Node.swift in Sources */,
				2B4CC230222F5D5C00A47812 /* Physics.swift in Sources */,
				2B5F506F2298FD5D00D3B6C5 /* GameWidget.swift in Sources */,
				2BBF11C921EADB46001C94E9 /* MMUtils.swift in Sources */,
				2BE67109221291D300B95241 /* Node.metal in Sources */,
				2BC5DCE4231794050081A018 /* Dialogs.swift in Sources */,
				2BBF11A221EAD46B001C94E9 /* LeftRegion.swift in Sources */,
				2B3AC54C22EBD67F0013A60E /* MMInfoArea.swift in Sources */,
				2BBF11AC21EAD46B001C94E9 /* Mad4Metal.metal in Sources */,
				2BE6710B2213ACDD00B95241 /* ObjectMaxDelegate.swift in Sources */,
				2B128761225DA70600BF0E22 /* MMFloatPopUp.swift in Sources */,
				2BCEC68F22A9FC48008DE5F4 /* SceneNodes.swift in Sources */,
				2BBF11EA21ED623F001C94E9 /* EditorWidget.swift in Sources */,
				2BCF5FA3227D6EC3002FCB37 /* Variables.swift in Sources */,
				2B46E963224466CD0047A94A /* MaterialFactory.swift in Sources */,
				2BBF120221F80B32001C94E9 /* Gizmo.metal in Sources */,
				2B501A5D22CC5602008D409F /* DebugBuilder.swift in Sources */,
				2BBF11CB21EADB46001C94E9 /* MMView.swift in Sources */,
				2BBF11D721EADB46001C94E9 /* MMSkin.swift in Sources */,
				2BEA8C3822573CE20010C204 /* MMFloatWidget.swift in Sources */,
				2B02717D23540417009178F6 /* MMSliderWidget.swift in Sources */,
				2B4CC22D2226669000A47812 /* NodeUI.swift in Sources */,
				2BBF11AA21EAD46B001C94E9 /* EditorRegion.swift in Sources */,
				2BBF11A021EAD46B001C94E9 /* TopRegion.swift in Sources */,
				2BBF11E121EC1A92001C94E9 /* Shape.swift in Sources */,
				2BA344A221FE8497000BB2EB /* MMTimeline.swift in Sources */,
				2B5F506D2298FD4C00D3B6C5 /* GameRegion.swift in Sources */,
				2BBF11D121EADB46001C94E9 /* MMLabel.swift in Sources */,
				2BAC26E1226FEC7E00E20ADD /* DiskBuilder.swift in Sources */,
				2BFBC58722D2C51300A27FAD /* ReferenceList.swift in Sources */,
				2B46E966224481AC0047A94A /* MaterialSelector.swift in Sources */,
				2BAC26DB226D6B6400E20ADD /* BehaviorLeaves.swift in Sources */,
				2BED879D228B9D9C005CE147 /* MMScreen.swift in Sources */,
				2BAC26D5226D640300E20ADD /* Game.swift in Sources */,
				2B6D0036228907F500BEDCFD /* LayerAreaMaxDelegate.swift in Sources */,
				2BA6163C2259805800638794 /* MMColorWidget.swift in Sources */,
				2B5CCAFF2214F2FF005BAA2B /* Builder.swift in Sources */,
				2BBF11D521EADB46001C94E9 /* MMScrollArea.swift in Sources */,
				2B333D13226043FF0008A8CF /* MMScrollButton.swift in Sources */,
				2B46E9692245C1F00047A94A /* MaterialList.swift in Sources */,
				2BBF11A821EAD46B001C94E9 /* RightRegion.swift in Sources */,
				2BBF11F021EEC618001C94E9 /* ShapeFactory.swift in Sources */,
				2BBF11A421EAD46B001C94E9 /* AppShaders.metal in Sources */,
				2BBF11FF21F808B1001C94E9 /* Gizmo.swift in Sources */,
				2B639F17221791F500576542 /* NodeList.swift in Sources */,
				2BBF11C521EADB46001C94E9 /* MMRegion.swift in Sources */,
				2BBF11CF21EADB46001C94E9 /* MMFont.swift in Sources */,
				2BBF11F921F55D20001C94E9 /* Object.swift in Sources */,
				2B46E95D2243339A0047A94A /* MMTabWidget.swift in Sources */,
				2BBF11E721EC4DC7001C94E9 /* ShapeSelector.swift in Sources */,
				2B5F506A2298FD3200D3B6C5 /* GameApp.swift in Sources */,
				2BBF10FF21EAD2AF001C94E9 /* Shape_Z.xcdatamodeld in Sources */,
				2B8864ED21FABAAB00F24E8A /* MMAnimate.swift in Sources */,
				2BF5D361221D2B2400EAAA76 /* ObjectNodes.swift in Sources */,
				2BBF11AE21EAD46B001C94E9 /* App.swift in Sources */,
				2B4CC22A2222301300A47812 /* LayerMaxDelegate.swift in Sources */,
				2BBF10FC21EAD2AF001C94E9 /* ViewController.swift in Sources */,
				2B46E960224367AF0047A94A /* Material.swift in Sources */,
				2BBF11D321EADB46001C94E9 /* MMCompute.swift in Sources */,
				2BBF11C721EADB46001C94E9 /* MMDrawable.swift in Sources */,
				2BAC26DE226D6B8F00E20ADD /* GameNodes.swift in Sources */,
				2BBF10FA21EAD2AF001C94E9 /* AppDelegate.swift in Sources */,
				2B639F1A221A32CD00576542 /* MMFile.swift in Sources */,
			);
			runOnlyForDeploymentPostprocessing = 0;
		};
		2BBF112821EAD38D001C94E9 /* Sources */ = {
			isa = PBXSourcesBuildPhase;
			buildActionMask = 2147483647;
			files = (
				2B4CC2282222260600A47812 /* Layer.swift in Sources */,
				2BA344AE2202A0AA000BB2EB /* MMFragment.swift in Sources */,
				2BE6710622125D7D00B95241 /* NodeGraph.swift in Sources */,
				2BBF11C421EADB46001C94E9 /* MMWidget.swift in Sources */,
				2BBF11DE21EADB46001C94E9 /* MMBaseView__ios.swift in Sources */,
				2BBF11C221EADB46001C94E9 /* MMRenderer.swift in Sources */,
				2BF5D3662220D50D00EAAA76 /* Behavior.swift in Sources */,
				2B02B97722F7D1C100EFCC74 /* SceneRenderer.swift in Sources */,
				2BBF11A721EAD46B001C94E9 /* BottomRegion.swift in Sources */,
				2BBF11F721F02EAD001C94E9 /* ShapeList.swift in Sources */,
				2B5CCB0322152EB6005BAA2B /* MMListWidget.swift in Sources */,
				2B06710F22B1DCC200983A76 /* GizmoInfoArea.swift in Sources */,
				2BE67103221259F500B95241 /* Node.swift in Sources */,
				2B4CC231222F5D5C00A47812 /* Physics.swift in Sources */,
				2B5F50702298FD5D00D3B6C5 /* GameWidget.swift in Sources */,
				2BBF11CA21EADB46001C94E9 /* MMUtils.swift in Sources */,
				2BE67108221291D300B95241 /* Node.metal in Sources */,
				2BC5DCE5231794050081A018 /* Dialogs.swift in Sources */,
				2BBF11A321EAD46B001C94E9 /* LeftRegion.swift in Sources */,
				2B3AC54D22EBD67F0013A60E /* MMInfoArea.swift in Sources */,
				2BBF11AD21EAD46B001C94E9 /* Mad4Metal.metal in Sources */,
				2BE6710C2213ACDD00B95241 /* ObjectMaxDelegate.swift in Sources */,
				2B128762225DA70600BF0E22 /* MMFloatPopUp.swift in Sources */,
				2BCEC68E22A9FC48008DE5F4 /* SceneNodes.swift in Sources */,
				2BBF11EB21ED623F001C94E9 /* EditorWidget.swift in Sources */,
				2BCF5FA4227D6EC3002FCB37 /* Variables.swift in Sources */,
				2B46E964224466CD0047A94A /* MaterialFactory.swift in Sources */,
				2BBF120321F80B32001C94E9 /* Gizmo.metal in Sources */,
				2B501A5E22CC5602008D409F /* DebugBuilder.swift in Sources */,
				2BBF11CC21EADB46001C94E9 /* MMView.swift in Sources */,
				2BBF11D821EADB46001C94E9 /* MMSkin.swift in Sources */,
				2BEA8C3722573CE20010C204 /* MMFloatWidget.swift in Sources */,
				2B02717E23540417009178F6 /* MMSliderWidget.swift in Sources */,
				2B4CC22E2226669000A47812 /* NodeUI.swift in Sources */,
				2BBF11AB21EAD46B001C94E9 /* EditorRegion.swift in Sources */,
				2BBF11A121EAD46B001C94E9 /* TopRegion.swift in Sources */,
				2BBF11E221EC1A92001C94E9 /* Shape.swift in Sources */,
				2BA344A321FE8497000BB2EB /* MMTimeline.swift in Sources */,
				2B5F506E2298FD4D00D3B6C5 /* GameRegion.swift in Sources */,
				2BBF11D221EADB46001C94E9 /* MMLabel.swift in Sources */,
				2BAC26E2226FEC7F00E20ADD /* DiskBuilder.swift in Sources */,
				2BFBC58822D2C51300A27FAD /* ReferenceList.swift in Sources */,
				2B46E967224481AC0047A94A /* MaterialSelector.swift in Sources */,
				2BAC26DC226D6B6400E20ADD /* BehaviorLeaves.swift in Sources */,
				2BED879E228B9D9C005CE147 /* MMScreen.swift in Sources */,
				2BAC26D6226D640300E20ADD /* Game.swift in Sources */,
				2B6D0035228907F500BEDCFD /* LayerAreaMaxDelegate.swift in Sources */,
				2BA6163D2259805800638794 /* MMColorWidget.swift in Sources */,
				2B5CCB002214F2FF005BAA2B /* Builder.swift in Sources */,
				2BBF11D621EADB46001C94E9 /* MMScrollArea.swift in Sources */,
				2B333D14226043FF0008A8CF /* MMScrollButton.swift in Sources */,
				2B46E96A2245C1F00047A94A /* MaterialList.swift in Sources */,
				2BBF11A921EAD46B001C94E9 /* RightRegion.swift in Sources */,
				2BBF11F121EEC618001C94E9 /* ShapeFactory.swift in Sources */,
				2BBF11A521EAD46B001C94E9 /* AppShaders.metal in Sources */,
				2BBF120021F808B1001C94E9 /* Gizmo.swift in Sources */,
				2B639F18221791F500576542 /* NodeList.swift in Sources */,
				2BBF11C621EADB46001C94E9 /* MMRegion.swift in Sources */,
				2BBF11D021EADB46001C94E9 /* MMFont.swift in Sources */,
				2BBF11FA21F55D20001C94E9 /* Object.swift in Sources */,
				2B46E95E2243339B0047A94A /* MMTabWidget.swift in Sources */,
				2BBF11E821EC4DC7001C94E9 /* ShapeSelector.swift in Sources */,
				2B5F506B2298FD3200D3B6C5 /* GameApp.swift in Sources */,
				2BBF113721EAD38E001C94E9 /* Shape_Z_iOS.xcdatamodeld in Sources */,
				2B8864EE21FABAAB00F24E8A /* MMAnimate.swift in Sources */,
				2BF5D362221D2B2400EAAA76 /* ObjectNodes.swift in Sources */,
				2BBF11AF21EAD46B001C94E9 /* App.swift in Sources */,
				2B4CC22B2222301300A47812 /* LayerMaxDelegate.swift in Sources */,
				2BBF113121EAD38E001C94E9 /* ViewController.swift in Sources */,
				2B46E961224367AF0047A94A /* Material.swift in Sources */,
				2BBF11D421EADB46001C94E9 /* MMCompute.swift in Sources */,
				2BBF11C821EADB46001C94E9 /* MMDrawable.swift in Sources */,
				2BAC26DF226D6B8F00E20ADD /* GameNodes.swift in Sources */,
				2BBF112F21EAD38E001C94E9 /* AppDelegate.swift in Sources */,
				2B639F1B221A32CD00576542 /* MMFile.swift in Sources */,
			);
			runOnlyForDeploymentPostprocessing = 0;
		};
/* End PBXSourcesBuildPhase section */

/* Begin PBXVariantGroup section */
		2BBF110221EAD2B0001C94E9 /* Main.storyboard */ = {
			isa = PBXVariantGroup;
			children = (
				2BBF110321EAD2B0001C94E9 /* Base */,
			);
			name = Main.storyboard;
			sourceTree = "<group>";
		};
		2BBF113221EAD38E001C94E9 /* Main.storyboard */ = {
			isa = PBXVariantGroup;
			children = (
				2BBF113321EAD38E001C94E9 /* Base */,
			);
			name = Main.storyboard;
			sourceTree = "<group>";
		};
		2BBF113A21EAD38E001C94E9 /* LaunchScreen.storyboard */ = {
			isa = PBXVariantGroup;
			children = (
				2BBF113B21EAD38E001C94E9 /* Base */,
			);
			name = LaunchScreen.storyboard;
			sourceTree = "<group>";
		};
/* End PBXVariantGroup section */

/* Begin XCBuildConfiguration section */
		2BBF111D21EAD2B0001C94E9 /* Debug */ = {
			isa = XCBuildConfiguration;
			buildSettings = {
				ALWAYS_SEARCH_USER_PATHS = NO;
				CLANG_ANALYZER_NONNULL = YES;
				CLANG_ANALYZER_NUMBER_OBJECT_CONVERSION = YES_AGGRESSIVE;
				CLANG_CXX_LANGUAGE_STANDARD = "gnu++14";
				CLANG_CXX_LIBRARY = "libc++";
				CLANG_ENABLE_MODULES = YES;
				CLANG_ENABLE_OBJC_ARC = YES;
				CLANG_ENABLE_OBJC_WEAK = YES;
				CLANG_WARN_BLOCK_CAPTURE_AUTORELEASING = YES;
				CLANG_WARN_BOOL_CONVERSION = YES;
				CLANG_WARN_COMMA = YES;
				CLANG_WARN_CONSTANT_CONVERSION = YES;
				CLANG_WARN_DEPRECATED_OBJC_IMPLEMENTATIONS = YES;
				CLANG_WARN_DIRECT_OBJC_ISA_USAGE = YES_ERROR;
				CLANG_WARN_DOCUMENTATION_COMMENTS = YES;
				CLANG_WARN_EMPTY_BODY = YES;
				CLANG_WARN_ENUM_CONVERSION = YES;
				CLANG_WARN_INFINITE_RECURSION = YES;
				CLANG_WARN_INT_CONVERSION = YES;
				CLANG_WARN_NON_LITERAL_NULL_CONVERSION = YES;
				CLANG_WARN_OBJC_IMPLICIT_RETAIN_SELF = YES;
				CLANG_WARN_OBJC_LITERAL_CONVERSION = YES;
				CLANG_WARN_OBJC_ROOT_CLASS = YES_ERROR;
				CLANG_WARN_RANGE_LOOP_ANALYSIS = YES;
				CLANG_WARN_STRICT_PROTOTYPES = YES;
				CLANG_WARN_SUSPICIOUS_MOVE = YES;
				CLANG_WARN_UNGUARDED_AVAILABILITY = YES_AGGRESSIVE;
				CLANG_WARN_UNREACHABLE_CODE = YES;
				CLANG_WARN__DUPLICATE_METHOD_MATCH = YES;
				CODE_SIGN_IDENTITY = "Mac Developer";
				COPY_PHASE_STRIP = NO;
				DEBUG_INFORMATION_FORMAT = dwarf;
				ENABLE_STRICT_OBJC_MSGSEND = YES;
				ENABLE_TESTABILITY = YES;
				GCC_C_LANGUAGE_STANDARD = gnu11;
				GCC_DYNAMIC_NO_PIC = NO;
				GCC_NO_COMMON_BLOCKS = YES;
				GCC_OPTIMIZATION_LEVEL = 0;
				GCC_PREPROCESSOR_DEFINITIONS = (
					"DEBUG=1",
					"$(inherited)",
				);
				GCC_WARN_64_TO_32_BIT_CONVERSION = YES;
				GCC_WARN_ABOUT_RETURN_TYPE = YES_ERROR;
				GCC_WARN_UNDECLARED_SELECTOR = YES;
				GCC_WARN_UNINITIALIZED_AUTOS = YES_AGGRESSIVE;
				GCC_WARN_UNUSED_FUNCTION = YES;
				GCC_WARN_UNUSED_VARIABLE = YES;
				MACOSX_DEPLOYMENT_TARGET = 10.14;
				MTL_ENABLE_DEBUG_INFO = INCLUDE_SOURCE;
				MTL_FAST_MATH = YES;
				ONLY_ACTIVE_ARCH = YES;
				SDKROOT = macosx;
				SWIFT_ACTIVE_COMPILATION_CONDITIONS = DEBUG;
				SWIFT_OPTIMIZATION_LEVEL = "-Onone";
			};
			name = Debug;
		};
		2BBF111E21EAD2B0001C94E9 /* Release */ = {
			isa = XCBuildConfiguration;
			buildSettings = {
				ALWAYS_SEARCH_USER_PATHS = NO;
				CLANG_ANALYZER_NONNULL = YES;
				CLANG_ANALYZER_NUMBER_OBJECT_CONVERSION = YES_AGGRESSIVE;
				CLANG_CXX_LANGUAGE_STANDARD = "gnu++14";
				CLANG_CXX_LIBRARY = "libc++";
				CLANG_ENABLE_MODULES = YES;
				CLANG_ENABLE_OBJC_ARC = YES;
				CLANG_ENABLE_OBJC_WEAK = YES;
				CLANG_WARN_BLOCK_CAPTURE_AUTORELEASING = YES;
				CLANG_WARN_BOOL_CONVERSION = YES;
				CLANG_WARN_COMMA = YES;
				CLANG_WARN_CONSTANT_CONVERSION = YES;
				CLANG_WARN_DEPRECATED_OBJC_IMPLEMENTATIONS = YES;
				CLANG_WARN_DIRECT_OBJC_ISA_USAGE = YES_ERROR;
				CLANG_WARN_DOCUMENTATION_COMMENTS = YES;
				CLANG_WARN_EMPTY_BODY = YES;
				CLANG_WARN_ENUM_CONVERSION = YES;
				CLANG_WARN_INFINITE_RECURSION = YES;
				CLANG_WARN_INT_CONVERSION = YES;
				CLANG_WARN_NON_LITERAL_NULL_CONVERSION = YES;
				CLANG_WARN_OBJC_IMPLICIT_RETAIN_SELF = YES;
				CLANG_WARN_OBJC_LITERAL_CONVERSION = YES;
				CLANG_WARN_OBJC_ROOT_CLASS = YES_ERROR;
				CLANG_WARN_RANGE_LOOP_ANALYSIS = YES;
				CLANG_WARN_STRICT_PROTOTYPES = YES;
				CLANG_WARN_SUSPICIOUS_MOVE = YES;
				CLANG_WARN_UNGUARDED_AVAILABILITY = YES_AGGRESSIVE;
				CLANG_WARN_UNREACHABLE_CODE = YES;
				CLANG_WARN__DUPLICATE_METHOD_MATCH = YES;
				CODE_SIGN_IDENTITY = "Mac Developer";
				COPY_PHASE_STRIP = NO;
				DEBUG_INFORMATION_FORMAT = "dwarf-with-dsym";
				ENABLE_NS_ASSERTIONS = NO;
				ENABLE_STRICT_OBJC_MSGSEND = YES;
				GCC_C_LANGUAGE_STANDARD = gnu11;
				GCC_NO_COMMON_BLOCKS = YES;
				GCC_WARN_64_TO_32_BIT_CONVERSION = YES;
				GCC_WARN_ABOUT_RETURN_TYPE = YES_ERROR;
				GCC_WARN_UNDECLARED_SELECTOR = YES;
				GCC_WARN_UNINITIALIZED_AUTOS = YES_AGGRESSIVE;
				GCC_WARN_UNUSED_FUNCTION = YES;
				GCC_WARN_UNUSED_VARIABLE = YES;
				MACOSX_DEPLOYMENT_TARGET = 10.14;
				MTL_ENABLE_DEBUG_INFO = NO;
				MTL_FAST_MATH = YES;
				SDKROOT = macosx;
				SWIFT_COMPILATION_MODE = wholemodule;
				SWIFT_OPTIMIZATION_LEVEL = "-O";
			};
			name = Release;
		};
		2BBF112021EAD2B0001C94E9 /* Debug */ = {
			isa = XCBuildConfiguration;
			buildSettings = {
				ASSETCATALOG_COMPILER_APPICON_NAME = AppIcon;
				CLANG_ENABLE_MODULES = YES;
				CODE_SIGN_ENTITLEMENTS = "Shape-Z/Shape_Z.entitlements";
				CODE_SIGN_IDENTITY = "Apple Development";
				CODE_SIGN_STYLE = Automatic;
				COMBINE_HIDPI_IMAGES = YES;
				DEVELOPMENT_TEAM = G6R6L3VH62;
				ENABLE_HARDENED_RUNTIME = YES;
				INFOPLIST_FILE = "Shape-Z/Info.plist";
				LD_RUNPATH_SEARCH_PATHS = (
					"$(inherited)",
					"@executable_path/../Frameworks",
				);
				MARKETING_VERSION = 0.3;
				PRODUCT_BUNDLE_IDENTIFIER = com.moenig.shapez;
				PRODUCT_NAME = "$(TARGET_NAME)";
				SWIFT_OBJC_BRIDGING_HEADER = "";
				"SWIFT_OBJC_BRIDGING_HEADER[arch=*]" = Application/Data.h;
				SWIFT_OPTIMIZATION_LEVEL = "-Onone";
				SWIFT_VERSION = 5.0;
			};
			name = Debug;
		};
		2BBF112121EAD2B0001C94E9 /* Release */ = {
			isa = XCBuildConfiguration;
			buildSettings = {
				ASSETCATALOG_COMPILER_APPICON_NAME = AppIcon;
				CLANG_ENABLE_MODULES = YES;
				CODE_SIGN_ENTITLEMENTS = "Shape-Z/Shape_Z.entitlements";
				CODE_SIGN_IDENTITY = "Apple Development";
				CODE_SIGN_STYLE = Automatic;
				COMBINE_HIDPI_IMAGES = YES;
				DEVELOPMENT_TEAM = G6R6L3VH62;
				ENABLE_HARDENED_RUNTIME = YES;
				INFOPLIST_FILE = "Shape-Z/Info.plist";
				LD_RUNPATH_SEARCH_PATHS = (
					"$(inherited)",
					"@executable_path/../Frameworks",
				);
				MARKETING_VERSION = 0.3;
				PRODUCT_BUNDLE_IDENTIFIER = com.moenig.shapez;
				PRODUCT_NAME = "$(TARGET_NAME)";
				SWIFT_OBJC_BRIDGING_HEADER = "";
				"SWIFT_OBJC_BRIDGING_HEADER[arch=*]" = Application/Data.h;
				SWIFT_VERSION = 5.0;
			};
			name = Release;
		};
		2BBF115521EAD38E001C94E9 /* Debug */ = {
			isa = XCBuildConfiguration;
			buildSettings = {
				ASSETCATALOG_COMPILER_APPICON_NAME = AppIcon;
				CLANG_ENABLE_MODULES = YES;
				CODE_SIGN_ENTITLEMENTS = "Shape-Z iOS/Shape-Z iOS.entitlements";
				CODE_SIGN_IDENTITY = "iPhone Developer";
				CODE_SIGN_STYLE = Automatic;
				CURRENT_PROJECT_VERSION = 1;
				DEVELOPMENT_TEAM = G6R6L3VH62;
				INFOPLIST_FILE = "Shape-Z iOS/Info.plist";
				IPHONEOS_DEPLOYMENT_TARGET = 12.1;
				LD_RUNPATH_SEARCH_PATHS = (
					"$(inherited)",
					"@executable_path/Frameworks",
				);
				MARKETING_VERSION = 0.3;
				PRODUCT_BUNDLE_IDENTIFIER = com.moenig.shapezios;
				PRODUCT_NAME = "Shape-Z";
				SDKROOT = iphoneos;
				SWIFT_OBJC_BRIDGING_HEADER = "";
				"SWIFT_OBJC_BRIDGING_HEADER[arch=*]" = Application/Data.h;
				SWIFT_OPTIMIZATION_LEVEL = "-Onone";
				SWIFT_VERSION = 5.0;
				TARGETED_DEVICE_FAMILY = 2;
			};
			name = Debug;
		};
		2BBF115621EAD38E001C94E9 /* Release */ = {
			isa = XCBuildConfiguration;
			buildSettings = {
				ASSETCATALOG_COMPILER_APPICON_NAME = AppIcon;
				CLANG_ENABLE_MODULES = YES;
				CODE_SIGN_ENTITLEMENTS = "Shape-Z iOS/Shape-Z iOS.entitlements";
				CODE_SIGN_IDENTITY = "iPhone Developer";
				CODE_SIGN_STYLE = Automatic;
				CURRENT_PROJECT_VERSION = 1;
				DEVELOPMENT_TEAM = G6R6L3VH62;
				INFOPLIST_FILE = "Shape-Z iOS/Info.plist";
				IPHONEOS_DEPLOYMENT_TARGET = 12.1;
				LD_RUNPATH_SEARCH_PATHS = (
					"$(inherited)",
					"@executable_path/Frameworks",
				);
				MARKETING_VERSION = 0.3;
				PRODUCT_BUNDLE_IDENTIFIER = com.moenig.shapezios;
				PRODUCT_NAME = "Shape-Z";
				SDKROOT = iphoneos;
				SWIFT_OBJC_BRIDGING_HEADER = "";
				"SWIFT_OBJC_BRIDGING_HEADER[arch=*]" = Application/Data.h;
				SWIFT_VERSION = 5.0;
				TARGETED_DEVICE_FAMILY = 2;
				VALIDATE_PRODUCT = YES;
			};
			name = Release;
		};
/* End XCBuildConfiguration section */

/* Begin XCConfigurationList section */
		2BBF10F121EAD2AF001C94E9 /* Build configuration list for PBXProject "Shape-Z" */ = {
			isa = XCConfigurationList;
			buildConfigurations = (
				2BBF111D21EAD2B0001C94E9 /* Debug */,
				2BBF111E21EAD2B0001C94E9 /* Release */,
			);
			defaultConfigurationIsVisible = 0;
			defaultConfigurationName = Release;
		};
		2BBF111F21EAD2B0001C94E9 /* Build configuration list for PBXNativeTarget "Shape-Z" */ = {
			isa = XCConfigurationList;
			buildConfigurations = (
				2BBF112021EAD2B0001C94E9 /* Debug */,
				2BBF112121EAD2B0001C94E9 /* Release */,
			);
			defaultConfigurationIsVisible = 0;
			defaultConfigurationName = Release;
		};
		2BBF115421EAD38E001C94E9 /* Build configuration list for PBXNativeTarget "Shape-Z iOS" */ = {
			isa = XCConfigurationList;
			buildConfigurations = (
				2BBF115521EAD38E001C94E9 /* Debug */,
				2BBF115621EAD38E001C94E9 /* Release */,
			);
			defaultConfigurationIsVisible = 0;
			defaultConfigurationName = Release;
		};
/* End XCConfigurationList section */

/* Begin XCVersionGroup section */
		2BBF10FD21EAD2AF001C94E9 /* Shape_Z.xcdatamodeld */ = {
			isa = XCVersionGroup;
			children = (
				2BBF10FE21EAD2AF001C94E9 /* Shape_Z.xcdatamodel */,
			);
			currentVersion = 2BBF10FE21EAD2AF001C94E9 /* Shape_Z.xcdatamodel */;
			path = Shape_Z.xcdatamodeld;
			sourceTree = "<group>";
			versionGroupType = wrapper.xcdatamodel;
		};
		2BBF113521EAD38E001C94E9 /* Shape_Z_iOS.xcdatamodeld */ = {
			isa = XCVersionGroup;
			children = (
				2BBF113621EAD38E001C94E9 /* Shape_Z_iOS.xcdatamodel */,
			);
			currentVersion = 2BBF113621EAD38E001C94E9 /* Shape_Z_iOS.xcdatamodel */;
			path = Shape_Z_iOS.xcdatamodeld;
			sourceTree = "<group>";
			versionGroupType = wrapper.xcdatamodel;
		};
/* End XCVersionGroup section */
	};
	rootObject = 2BBF10EE21EAD2AF001C94E9 /* Project object */;
}
