// !$*UTF8*$!
{
	archiveVersion = 1;
	classes = {
	};
	objectVersion = 50;
	objects = {

/* Begin PBXBuildFile section */
		2B5CCAFF2214F2FF005BAA2B /* Builder.swift in Sources */ = {isa = PBXBuildFile; fileRef = 2B5CCAFE2214F2FF005BAA2B /* Builder.swift */; };
		2B5CCB002214F2FF005BAA2B /* Builder.swift in Sources */ = {isa = PBXBuildFile; fileRef = 2B5CCAFE2214F2FF005BAA2B /* Builder.swift */; };
		2B8864ED21FABAAB00F24E8A /* MMAnimate.swift in Sources */ = {isa = PBXBuildFile; fileRef = 2B8864EC21FABAAB00F24E8A /* MMAnimate.swift */; };
		2B8864EE21FABAAB00F24E8A /* MMAnimate.swift in Sources */ = {isa = PBXBuildFile; fileRef = 2B8864EC21FABAAB00F24E8A /* MMAnimate.swift */; };
		2BA344A221FE8497000BB2EB /* MMTimeline.swift in Sources */ = {isa = PBXBuildFile; fileRef = 2BA344A121FE8497000BB2EB /* MMTimeline.swift */; };
		2BA344A321FE8497000BB2EB /* MMTimeline.swift in Sources */ = {isa = PBXBuildFile; fileRef = 2BA344A121FE8497000BB2EB /* MMTimeline.swift */; };
		2BA344A622015419000BB2EB /* timeline_recording.tiff in Resources */ = {isa = PBXBuildFile; fileRef = 2BA344A522015419000BB2EB /* timeline_recording.tiff */; };
		2BA344A722015419000BB2EB /* timeline_recording.tiff in Resources */ = {isa = PBXBuildFile; fileRef = 2BA344A522015419000BB2EB /* timeline_recording.tiff */; };
		2BA344AA22015888000BB2EB /* timeline_play.tiff in Resources */ = {isa = PBXBuildFile; fileRef = 2BA344A922015888000BB2EB /* timeline_play.tiff */; };
		2BA344AB22015888000BB2EB /* timeline_play.tiff in Resources */ = {isa = PBXBuildFile; fileRef = 2BA344A922015888000BB2EB /* timeline_play.tiff */; };
		2BA344AD2202A0A0000BB2EB /* MMFragment.swift in Sources */ = {isa = PBXBuildFile; fileRef = 2BA344AC22029FA4000BB2EB /* MMFragment.swift */; };
		2BA344AE2202A0AA000BB2EB /* MMFragment.swift in Sources */ = {isa = PBXBuildFile; fileRef = 2BA344AC22029FA4000BB2EB /* MMFragment.swift */; };
		2BBF10FA21EAD2AF001C94E9 /* AppDelegate.swift in Sources */ = {isa = PBXBuildFile; fileRef = 2BBF10F921EAD2AF001C94E9 /* AppDelegate.swift */; };
		2BBF10FC21EAD2AF001C94E9 /* ViewController.swift in Sources */ = {isa = PBXBuildFile; fileRef = 2BBF10FB21EAD2AF001C94E9 /* ViewController.swift */; };
		2BBF10FF21EAD2AF001C94E9 /* Shape_Z.xcdatamodeld in Sources */ = {isa = PBXBuildFile; fileRef = 2BBF10FD21EAD2AF001C94E9 /* Shape_Z.xcdatamodeld */; };
		2BBF110121EAD2B0001C94E9 /* Assets.xcassets in Resources */ = {isa = PBXBuildFile; fileRef = 2BBF110021EAD2B0001C94E9 /* Assets.xcassets */; };
		2BBF110421EAD2B0001C94E9 /* Main.storyboard in Resources */ = {isa = PBXBuildFile; fileRef = 2BBF110221EAD2B0001C94E9 /* Main.storyboard */; };
		2BBF112F21EAD38E001C94E9 /* AppDelegate.swift in Sources */ = {isa = PBXBuildFile; fileRef = 2BBF112E21EAD38E001C94E9 /* AppDelegate.swift */; };
		2BBF113121EAD38E001C94E9 /* ViewController.swift in Sources */ = {isa = PBXBuildFile; fileRef = 2BBF113021EAD38E001C94E9 /* ViewController.swift */; };
		2BBF113421EAD38E001C94E9 /* Main.storyboard in Resources */ = {isa = PBXBuildFile; fileRef = 2BBF113221EAD38E001C94E9 /* Main.storyboard */; };
		2BBF113721EAD38E001C94E9 /* Shape_Z_iOS.xcdatamodeld in Sources */ = {isa = PBXBuildFile; fileRef = 2BBF113521EAD38E001C94E9 /* Shape_Z_iOS.xcdatamodeld */; };
		2BBF113921EAD38E001C94E9 /* Assets.xcassets in Resources */ = {isa = PBXBuildFile; fileRef = 2BBF113821EAD38E001C94E9 /* Assets.xcassets */; };
		2BBF113C21EAD38E001C94E9 /* LaunchScreen.storyboard in Resources */ = {isa = PBXBuildFile; fileRef = 2BBF113A21EAD38E001C94E9 /* LaunchScreen.storyboard */; };
		2BBF11A021EAD46B001C94E9 /* TopRegion.swift in Sources */ = {isa = PBXBuildFile; fileRef = 2BBF119721EAD46B001C94E9 /* TopRegion.swift */; };
		2BBF11A121EAD46B001C94E9 /* TopRegion.swift in Sources */ = {isa = PBXBuildFile; fileRef = 2BBF119721EAD46B001C94E9 /* TopRegion.swift */; };
		2BBF11A221EAD46B001C94E9 /* LeftRegion.swift in Sources */ = {isa = PBXBuildFile; fileRef = 2BBF119821EAD46B001C94E9 /* LeftRegion.swift */; };
		2BBF11A321EAD46B001C94E9 /* LeftRegion.swift in Sources */ = {isa = PBXBuildFile; fileRef = 2BBF119821EAD46B001C94E9 /* LeftRegion.swift */; };
		2BBF11A421EAD46B001C94E9 /* AppShaders.metal in Sources */ = {isa = PBXBuildFile; fileRef = 2BBF119921EAD46B001C94E9 /* AppShaders.metal */; };
		2BBF11A521EAD46B001C94E9 /* AppShaders.metal in Sources */ = {isa = PBXBuildFile; fileRef = 2BBF119921EAD46B001C94E9 /* AppShaders.metal */; };
		2BBF11A621EAD46B001C94E9 /* BottomRegion.swift in Sources */ = {isa = PBXBuildFile; fileRef = 2BBF119B21EAD46B001C94E9 /* BottomRegion.swift */; };
		2BBF11A721EAD46B001C94E9 /* BottomRegion.swift in Sources */ = {isa = PBXBuildFile; fileRef = 2BBF119B21EAD46B001C94E9 /* BottomRegion.swift */; };
		2BBF11A821EAD46B001C94E9 /* RightRegion.swift in Sources */ = {isa = PBXBuildFile; fileRef = 2BBF119C21EAD46B001C94E9 /* RightRegion.swift */; };
		2BBF11A921EAD46B001C94E9 /* RightRegion.swift in Sources */ = {isa = PBXBuildFile; fileRef = 2BBF119C21EAD46B001C94E9 /* RightRegion.swift */; };
		2BBF11AA21EAD46B001C94E9 /* EditorRegion.swift in Sources */ = {isa = PBXBuildFile; fileRef = 2BBF119D21EAD46B001C94E9 /* EditorRegion.swift */; };
		2BBF11AB21EAD46B001C94E9 /* EditorRegion.swift in Sources */ = {isa = PBXBuildFile; fileRef = 2BBF119D21EAD46B001C94E9 /* EditorRegion.swift */; };
		2BBF11AC21EAD46B001C94E9 /* Mad4Metal.metal in Sources */ = {isa = PBXBuildFile; fileRef = 2BBF119E21EAD46B001C94E9 /* Mad4Metal.metal */; };
		2BBF11AD21EAD46B001C94E9 /* Mad4Metal.metal in Sources */ = {isa = PBXBuildFile; fileRef = 2BBF119E21EAD46B001C94E9 /* Mad4Metal.metal */; };
		2BBF11AE21EAD46B001C94E9 /* App.swift in Sources */ = {isa = PBXBuildFile; fileRef = 2BBF119F21EAD46B001C94E9 /* App.swift */; };
		2BBF11AF21EAD46B001C94E9 /* App.swift in Sources */ = {isa = PBXBuildFile; fileRef = 2BBF119F21EAD46B001C94E9 /* App.swift */; };
		2BBF11C121EADB46001C94E9 /* MMRenderer.swift in Sources */ = {isa = PBXBuildFile; fileRef = 2BBF11B121EADB46001C94E9 /* MMRenderer.swift */; };
		2BBF11C221EADB46001C94E9 /* MMRenderer.swift in Sources */ = {isa = PBXBuildFile; fileRef = 2BBF11B121EADB46001C94E9 /* MMRenderer.swift */; };
		2BBF11C321EADB46001C94E9 /* MMWidget.swift in Sources */ = {isa = PBXBuildFile; fileRef = 2BBF11B221EADB46001C94E9 /* MMWidget.swift */; };
		2BBF11C421EADB46001C94E9 /* MMWidget.swift in Sources */ = {isa = PBXBuildFile; fileRef = 2BBF11B221EADB46001C94E9 /* MMWidget.swift */; };
		2BBF11C521EADB46001C94E9 /* MMRegion.swift in Sources */ = {isa = PBXBuildFile; fileRef = 2BBF11B321EADB46001C94E9 /* MMRegion.swift */; };
		2BBF11C621EADB46001C94E9 /* MMRegion.swift in Sources */ = {isa = PBXBuildFile; fileRef = 2BBF11B321EADB46001C94E9 /* MMRegion.swift */; };
		2BBF11C721EADB46001C94E9 /* MMDrawable.swift in Sources */ = {isa = PBXBuildFile; fileRef = 2BBF11B421EADB46001C94E9 /* MMDrawable.swift */; };
		2BBF11C821EADB46001C94E9 /* MMDrawable.swift in Sources */ = {isa = PBXBuildFile; fileRef = 2BBF11B421EADB46001C94E9 /* MMDrawable.swift */; };
		2BBF11C921EADB46001C94E9 /* MMUtils.swift in Sources */ = {isa = PBXBuildFile; fileRef = 2BBF11B521EADB46001C94E9 /* MMUtils.swift */; };
		2BBF11CA21EADB46001C94E9 /* MMUtils.swift in Sources */ = {isa = PBXBuildFile; fileRef = 2BBF11B521EADB46001C94E9 /* MMUtils.swift */; };
		2BBF11CB21EADB46001C94E9 /* MMView.swift in Sources */ = {isa = PBXBuildFile; fileRef = 2BBF11B621EADB46001C94E9 /* MMView.swift */; };
		2BBF11CC21EADB46001C94E9 /* MMView.swift in Sources */ = {isa = PBXBuildFile; fileRef = 2BBF11B621EADB46001C94E9 /* MMView.swift */; };
		2BBF11CD21EADB46001C94E9 /* MMBaseView_mac.swift in Sources */ = {isa = PBXBuildFile; fileRef = 2BBF11B721EADB46001C94E9 /* MMBaseView_mac.swift */; };
		2BBF11CF21EADB46001C94E9 /* MMFont.swift in Sources */ = {isa = PBXBuildFile; fileRef = 2BBF11B821EADB46001C94E9 /* MMFont.swift */; };
		2BBF11D021EADB46001C94E9 /* MMFont.swift in Sources */ = {isa = PBXBuildFile; fileRef = 2BBF11B821EADB46001C94E9 /* MMFont.swift */; };
		2BBF11D121EADB46001C94E9 /* MMLabel.swift in Sources */ = {isa = PBXBuildFile; fileRef = 2BBF11B921EADB46001C94E9 /* MMLabel.swift */; };
		2BBF11D221EADB46001C94E9 /* MMLabel.swift in Sources */ = {isa = PBXBuildFile; fileRef = 2BBF11B921EADB46001C94E9 /* MMLabel.swift */; };
		2BBF11D321EADB46001C94E9 /* MMCompute.swift in Sources */ = {isa = PBXBuildFile; fileRef = 2BBF11BA21EADB46001C94E9 /* MMCompute.swift */; };
		2BBF11D421EADB46001C94E9 /* MMCompute.swift in Sources */ = {isa = PBXBuildFile; fileRef = 2BBF11BA21EADB46001C94E9 /* MMCompute.swift */; };
		2BBF11D521EADB46001C94E9 /* MMScrollArea.swift in Sources */ = {isa = PBXBuildFile; fileRef = 2BBF11BB21EADB46001C94E9 /* MMScrollArea.swift */; };
		2BBF11D621EADB46001C94E9 /* MMScrollArea.swift in Sources */ = {isa = PBXBuildFile; fileRef = 2BBF11BB21EADB46001C94E9 /* MMScrollArea.swift */; };
		2BBF11D721EADB46001C94E9 /* MMSkin.swift in Sources */ = {isa = PBXBuildFile; fileRef = 2BBF11BC21EADB46001C94E9 /* MMSkin.swift */; };
		2BBF11D821EADB46001C94E9 /* MMSkin.swift in Sources */ = {isa = PBXBuildFile; fileRef = 2BBF11BC21EADB46001C94E9 /* MMSkin.swift */; };
		2BBF11D921EADB46001C94E9 /* OpenSans.tiff in Resources */ = {isa = PBXBuildFile; fileRef = 2BBF11BE21EADB46001C94E9 /* OpenSans.tiff */; };
		2BBF11DA21EADB46001C94E9 /* OpenSans.tiff in Resources */ = {isa = PBXBuildFile; fileRef = 2BBF11BE21EADB46001C94E9 /* OpenSans.tiff */; };
		2BBF11DB21EADB46001C94E9 /* OpenSans.json in Resources */ = {isa = PBXBuildFile; fileRef = 2BBF11BF21EADB46001C94E9 /* OpenSans.json */; };
		2BBF11DC21EADB46001C94E9 /* OpenSans.json in Resources */ = {isa = PBXBuildFile; fileRef = 2BBF11BF21EADB46001C94E9 /* OpenSans.json */; };
		2BBF11DE21EADB46001C94E9 /* MMBaseView__ios.swift in Sources */ = {isa = PBXBuildFile; fileRef = 2BBF11C021EADB46001C94E9 /* MMBaseView__ios.swift */; };
		2BBF11E121EC1A92001C94E9 /* Shape.swift in Sources */ = {isa = PBXBuildFile; fileRef = 2BBF11E021EC1A92001C94E9 /* Shape.swift */; };
		2BBF11E221EC1A92001C94E9 /* Shape.swift in Sources */ = {isa = PBXBuildFile; fileRef = 2BBF11E021EC1A92001C94E9 /* Shape.swift */; };
		2BBF11E721EC4DC7001C94E9 /* ShapeSelector.swift in Sources */ = {isa = PBXBuildFile; fileRef = 2BBF11E621EC4DC7001C94E9 /* ShapeSelector.swift */; };
		2BBF11E821EC4DC7001C94E9 /* ShapeSelector.swift in Sources */ = {isa = PBXBuildFile; fileRef = 2BBF11E621EC4DC7001C94E9 /* ShapeSelector.swift */; };
		2BBF11EA21ED623F001C94E9 /* EditorWidget.swift in Sources */ = {isa = PBXBuildFile; fileRef = 2BBF11E921ED623F001C94E9 /* EditorWidget.swift */; };
		2BBF11EB21ED623F001C94E9 /* EditorWidget.swift in Sources */ = {isa = PBXBuildFile; fileRef = 2BBF11E921ED623F001C94E9 /* EditorWidget.swift */; };
		2BBF11F021EEC618001C94E9 /* ShapeFactory.swift in Sources */ = {isa = PBXBuildFile; fileRef = 2BBF11EF21EEC618001C94E9 /* ShapeFactory.swift */; };
		2BBF11F121EEC618001C94E9 /* ShapeFactory.swift in Sources */ = {isa = PBXBuildFile; fileRef = 2BBF11EF21EEC618001C94E9 /* ShapeFactory.swift */; };
		2BBF11F621F02EAD001C94E9 /* ShapeList.swift in Sources */ = {isa = PBXBuildFile; fileRef = 2BBF11F521F02EAD001C94E9 /* ShapeList.swift */; };
		2BBF11F721F02EAD001C94E9 /* ShapeList.swift in Sources */ = {isa = PBXBuildFile; fileRef = 2BBF11F521F02EAD001C94E9 /* ShapeList.swift */; };
		2BBF11F921F55D20001C94E9 /* Object.swift in Sources */ = {isa = PBXBuildFile; fileRef = 2BBF11F821F55D20001C94E9 /* Object.swift */; };
		2BBF11FA21F55D20001C94E9 /* Object.swift in Sources */ = {isa = PBXBuildFile; fileRef = 2BBF11F821F55D20001C94E9 /* Object.swift */; };
		2BBF11FF21F808B1001C94E9 /* Gizmo.swift in Sources */ = {isa = PBXBuildFile; fileRef = 2BBF11FE21F808B1001C94E9 /* Gizmo.swift */; };
		2BBF120021F808B1001C94E9 /* Gizmo.swift in Sources */ = {isa = PBXBuildFile; fileRef = 2BBF11FE21F808B1001C94E9 /* Gizmo.swift */; };
		2BBF120221F80B32001C94E9 /* Gizmo.metal in Sources */ = {isa = PBXBuildFile; fileRef = 2BBF120121F80B32001C94E9 /* Gizmo.metal */; };
		2BBF120321F80B32001C94E9 /* Gizmo.metal in Sources */ = {isa = PBXBuildFile; fileRef = 2BBF120121F80B32001C94E9 /* Gizmo.metal */; };
		2BE67102221259F500B95241 /* Node.swift in Sources */ = {isa = PBXBuildFile; fileRef = 2BE67101221259F500B95241 /* Node.swift */; };
		2BE67103221259F500B95241 /* Node.swift in Sources */ = {isa = PBXBuildFile; fileRef = 2BE67101221259F500B95241 /* Node.swift */; };
		2BE6710522125D7D00B95241 /* NodeGraph.swift in Sources */ = {isa = PBXBuildFile; fileRef = 2BE6710422125D7D00B95241 /* NodeGraph.swift */; };
		2BE6710622125D7D00B95241 /* NodeGraph.swift in Sources */ = {isa = PBXBuildFile; fileRef = 2BE6710422125D7D00B95241 /* NodeGraph.swift */; };
		2BE67108221291D300B95241 /* Node.metal in Sources */ = {isa = PBXBuildFile; fileRef = 2BE67107221291D200B95241 /* Node.metal */; };
		2BE67109221291D300B95241 /* Node.metal in Sources */ = {isa = PBXBuildFile; fileRef = 2BE67107221291D200B95241 /* Node.metal */; };
		2BE6710B2213ACDD00B95241 /* ObjectMaxDelegate.swift in Sources */ = {isa = PBXBuildFile; fileRef = 2BE6710A2213ACDD00B95241 /* ObjectMaxDelegate.swift */; };
		2BE6710C2213ACDD00B95241 /* ObjectMaxDelegate.swift in Sources */ = {isa = PBXBuildFile; fileRef = 2BE6710A2213ACDD00B95241 /* ObjectMaxDelegate.swift */; };
/* End PBXBuildFile section */

/* Begin PBXFileReference section */
		2B5CCAFE2214F2FF005BAA2B /* Builder.swift */ = {isa = PBXFileReference; lastKnownFileType = sourcecode.swift; path = Builder.swift; sourceTree = "<group>"; };
		2B8864EC21FABAAB00F24E8A /* MMAnimate.swift */ = {isa = PBXFileReference; lastKnownFileType = sourcecode.swift; path = MMAnimate.swift; sourceTree = "<group>"; };
		2BA344A121FE8497000BB2EB /* MMTimeline.swift */ = {isa = PBXFileReference; lastKnownFileType = sourcecode.swift; path = MMTimeline.swift; sourceTree = "<group>"; };
		2BA344A522015419000BB2EB /* timeline_recording.tiff */ = {isa = PBXFileReference; lastKnownFileType = image.tiff; path = timeline_recording.tiff; sourceTree = "<group>"; };
		2BA344A922015888000BB2EB /* timeline_play.tiff */ = {isa = PBXFileReference; lastKnownFileType = image.tiff; path = timeline_play.tiff; sourceTree = "<group>"; };
		2BA344AC22029FA4000BB2EB /* MMFragment.swift */ = {isa = PBXFileReference; lastKnownFileType = sourcecode.swift; path = MMFragment.swift; sourceTree = "<group>"; };
		2BBF10F621EAD2AF001C94E9 /* Shape-Z.app */ = {isa = PBXFileReference; explicitFileType = wrapper.application; includeInIndex = 0; path = "Shape-Z.app"; sourceTree = BUILT_PRODUCTS_DIR; };
		2BBF10F921EAD2AF001C94E9 /* AppDelegate.swift */ = {isa = PBXFileReference; lastKnownFileType = sourcecode.swift; path = AppDelegate.swift; sourceTree = "<group>"; };
		2BBF10FB21EAD2AF001C94E9 /* ViewController.swift */ = {isa = PBXFileReference; lastKnownFileType = sourcecode.swift; path = ViewController.swift; sourceTree = "<group>"; };
		2BBF10FE21EAD2AF001C94E9 /* Shape_Z.xcdatamodel */ = {isa = PBXFileReference; lastKnownFileType = wrapper.xcdatamodel; path = Shape_Z.xcdatamodel; sourceTree = "<group>"; };
		2BBF110021EAD2B0001C94E9 /* Assets.xcassets */ = {isa = PBXFileReference; lastKnownFileType = folder.assetcatalog; path = Assets.xcassets; sourceTree = "<group>"; };
		2BBF110321EAD2B0001C94E9 /* Base */ = {isa = PBXFileReference; lastKnownFileType = file.storyboard; name = Base; path = Base.lproj/Main.storyboard; sourceTree = "<group>"; };
		2BBF110521EAD2B0001C94E9 /* Info.plist */ = {isa = PBXFileReference; lastKnownFileType = text.plist.xml; path = Info.plist; sourceTree = "<group>"; };
		2BBF110621EAD2B0001C94E9 /* Shape_Z.entitlements */ = {isa = PBXFileReference; lastKnownFileType = text.plist.entitlements; path = Shape_Z.entitlements; sourceTree = "<group>"; };
		2BBF112C21EAD38D001C94E9 /* Shape-Z iOS.app */ = {isa = PBXFileReference; explicitFileType = wrapper.application; includeInIndex = 0; path = "Shape-Z iOS.app"; sourceTree = BUILT_PRODUCTS_DIR; };
		2BBF112E21EAD38E001C94E9 /* AppDelegate.swift */ = {isa = PBXFileReference; lastKnownFileType = sourcecode.swift; path = AppDelegate.swift; sourceTree = "<group>"; };
		2BBF113021EAD38E001C94E9 /* ViewController.swift */ = {isa = PBXFileReference; lastKnownFileType = sourcecode.swift; path = ViewController.swift; sourceTree = "<group>"; };
		2BBF113321EAD38E001C94E9 /* Base */ = {isa = PBXFileReference; lastKnownFileType = file.storyboard; name = Base; path = Base.lproj/Main.storyboard; sourceTree = "<group>"; };
		2BBF113621EAD38E001C94E9 /* Shape_Z_iOS.xcdatamodel */ = {isa = PBXFileReference; lastKnownFileType = wrapper.xcdatamodel; path = Shape_Z_iOS.xcdatamodel; sourceTree = "<group>"; };
		2BBF113821EAD38E001C94E9 /* Assets.xcassets */ = {isa = PBXFileReference; lastKnownFileType = folder.assetcatalog; path = Assets.xcassets; sourceTree = "<group>"; };
		2BBF113B21EAD38E001C94E9 /* Base */ = {isa = PBXFileReference; lastKnownFileType = file.storyboard; name = Base; path = Base.lproj/LaunchScreen.storyboard; sourceTree = "<group>"; };
		2BBF113D21EAD38E001C94E9 /* Info.plist */ = {isa = PBXFileReference; lastKnownFileType = text.plist.xml; path = Info.plist; sourceTree = "<group>"; };
		2BBF119721EAD46B001C94E9 /* TopRegion.swift */ = {isa = PBXFileReference; fileEncoding = 4; lastKnownFileType = sourcecode.swift; path = TopRegion.swift; sourceTree = "<group>"; };
		2BBF119821EAD46B001C94E9 /* LeftRegion.swift */ = {isa = PBXFileReference; fileEncoding = 4; lastKnownFileType = sourcecode.swift; path = LeftRegion.swift; sourceTree = "<group>"; };
		2BBF119921EAD46B001C94E9 /* AppShaders.metal */ = {isa = PBXFileReference; fileEncoding = 4; lastKnownFileType = sourcecode.metal; path = AppShaders.metal; sourceTree = "<group>"; };
		2BBF119A21EAD46B001C94E9 /* Mad4Metal_types.h */ = {isa = PBXFileReference; fileEncoding = 4; lastKnownFileType = sourcecode.c.h; path = Mad4Metal_types.h; sourceTree = "<group>"; };
		2BBF119B21EAD46B001C94E9 /* BottomRegion.swift */ = {isa = PBXFileReference; fileEncoding = 4; lastKnownFileType = sourcecode.swift; path = BottomRegion.swift; sourceTree = "<group>"; };
		2BBF119C21EAD46B001C94E9 /* RightRegion.swift */ = {isa = PBXFileReference; fileEncoding = 4; lastKnownFileType = sourcecode.swift; path = RightRegion.swift; sourceTree = "<group>"; };
		2BBF119D21EAD46B001C94E9 /* EditorRegion.swift */ = {isa = PBXFileReference; fileEncoding = 4; lastKnownFileType = sourcecode.swift; path = EditorRegion.swift; sourceTree = "<group>"; };
		2BBF119E21EAD46B001C94E9 /* Mad4Metal.metal */ = {isa = PBXFileReference; fileEncoding = 4; lastKnownFileType = sourcecode.metal; path = Mad4Metal.metal; sourceTree = "<group>"; };
		2BBF119F21EAD46B001C94E9 /* App.swift */ = {isa = PBXFileReference; fileEncoding = 4; lastKnownFileType = sourcecode.swift; path = App.swift; sourceTree = "<group>"; };
		2BBF11B121EADB46001C94E9 /* MMRenderer.swift */ = {isa = PBXFileReference; fileEncoding = 4; lastKnownFileType = sourcecode.swift; path = MMRenderer.swift; sourceTree = "<group>"; };
		2BBF11B221EADB46001C94E9 /* MMWidget.swift */ = {isa = PBXFileReference; fileEncoding = 4; lastKnownFileType = sourcecode.swift; path = MMWidget.swift; sourceTree = "<group>"; };
		2BBF11B321EADB46001C94E9 /* MMRegion.swift */ = {isa = PBXFileReference; fileEncoding = 4; lastKnownFileType = sourcecode.swift; path = MMRegion.swift; sourceTree = "<group>"; };
		2BBF11B421EADB46001C94E9 /* MMDrawable.swift */ = {isa = PBXFileReference; fileEncoding = 4; lastKnownFileType = sourcecode.swift; path = MMDrawable.swift; sourceTree = "<group>"; };
		2BBF11B521EADB46001C94E9 /* MMUtils.swift */ = {isa = PBXFileReference; fileEncoding = 4; lastKnownFileType = sourcecode.swift; path = MMUtils.swift; sourceTree = "<group>"; };
		2BBF11B621EADB46001C94E9 /* MMView.swift */ = {isa = PBXFileReference; fileEncoding = 4; lastKnownFileType = sourcecode.swift; path = MMView.swift; sourceTree = "<group>"; };
		2BBF11B721EADB46001C94E9 /* MMBaseView_mac.swift */ = {isa = PBXFileReference; fileEncoding = 4; lastKnownFileType = sourcecode.swift; path = MMBaseView_mac.swift; sourceTree = "<group>"; };
		2BBF11B821EADB46001C94E9 /* MMFont.swift */ = {isa = PBXFileReference; fileEncoding = 4; lastKnownFileType = sourcecode.swift; path = MMFont.swift; sourceTree = "<group>"; };
		2BBF11B921EADB46001C94E9 /* MMLabel.swift */ = {isa = PBXFileReference; fileEncoding = 4; lastKnownFileType = sourcecode.swift; path = MMLabel.swift; sourceTree = "<group>"; };
		2BBF11BA21EADB46001C94E9 /* MMCompute.swift */ = {isa = PBXFileReference; fileEncoding = 4; lastKnownFileType = sourcecode.swift; path = MMCompute.swift; sourceTree = "<group>"; };
		2BBF11BB21EADB46001C94E9 /* MMScrollArea.swift */ = {isa = PBXFileReference; fileEncoding = 4; lastKnownFileType = sourcecode.swift; path = MMScrollArea.swift; sourceTree = "<group>"; };
		2BBF11BC21EADB46001C94E9 /* MMSkin.swift */ = {isa = PBXFileReference; fileEncoding = 4; lastKnownFileType = sourcecode.swift; path = MMSkin.swift; sourceTree = "<group>"; };
		2BBF11BE21EADB46001C94E9 /* OpenSans.tiff */ = {isa = PBXFileReference; lastKnownFileType = image.tiff; path = OpenSans.tiff; sourceTree = "<group>"; };
		2BBF11BF21EADB46001C94E9 /* OpenSans.json */ = {isa = PBXFileReference; fileEncoding = 4; lastKnownFileType = text.json; path = OpenSans.json; sourceTree = "<group>"; };
		2BBF11C021EADB46001C94E9 /* MMBaseView__ios.swift */ = {isa = PBXFileReference; fileEncoding = 4; lastKnownFileType = sourcecode.swift; path = MMBaseView__ios.swift; sourceTree = "<group>"; };
		2BBF11E021EC1A92001C94E9 /* Shape.swift */ = {isa = PBXFileReference; lastKnownFileType = sourcecode.swift; path = Shape.swift; sourceTree = "<group>"; };
		2BBF11E621EC4DC7001C94E9 /* ShapeSelector.swift */ = {isa = PBXFileReference; lastKnownFileType = sourcecode.swift; path = ShapeSelector.swift; sourceTree = "<group>"; };
		2BBF11E921ED623F001C94E9 /* EditorWidget.swift */ = {isa = PBXFileReference; lastKnownFileType = sourcecode.swift; path = EditorWidget.swift; sourceTree = "<group>"; };
		2BBF11EF21EEC618001C94E9 /* ShapeFactory.swift */ = {isa = PBXFileReference; lastKnownFileType = sourcecode.swift; path = ShapeFactory.swift; sourceTree = "<group>"; };
		2BBF11F521F02EAD001C94E9 /* ShapeList.swift */ = {isa = PBXFileReference; lastKnownFileType = sourcecode.swift; path = ShapeList.swift; sourceTree = "<group>"; };
		2BBF11F821F55D20001C94E9 /* Object.swift */ = {isa = PBXFileReference; lastKnownFileType = sourcecode.swift; path = Object.swift; sourceTree = "<group>"; };
		2BBF11FE21F808B1001C94E9 /* Gizmo.swift */ = {isa = PBXFileReference; lastKnownFileType = sourcecode.swift; path = Gizmo.swift; sourceTree = "<group>"; };
		2BBF120121F80B32001C94E9 /* Gizmo.metal */ = {isa = PBXFileReference; lastKnownFileType = sourcecode.metal; path = Gizmo.metal; sourceTree = "<group>"; };
		2BE67101221259F500B95241 /* Node.swift */ = {isa = PBXFileReference; lastKnownFileType = sourcecode.swift; path = Node.swift; sourceTree = "<group>"; };
		2BE6710422125D7D00B95241 /* NodeGraph.swift */ = {isa = PBXFileReference; lastKnownFileType = sourcecode.swift; path = NodeGraph.swift; sourceTree = "<group>"; };
		2BE67107221291D200B95241 /* Node.metal */ = {isa = PBXFileReference; lastKnownFileType = sourcecode.metal; path = Node.metal; sourceTree = "<group>"; };
		2BE6710A2213ACDD00B95241 /* ObjectMaxDelegate.swift */ = {isa = PBXFileReference; lastKnownFileType = sourcecode.swift; path = ObjectMaxDelegate.swift; sourceTree = "<group>"; };
/* End PBXFileReference section */

/* Begin PBXFrameworksBuildPhase section */
		2BBF10F321EAD2AF001C94E9 /* Frameworks */ = {
			isa = PBXFrameworksBuildPhase;
			buildActionMask = 2147483647;
			files = (
			);
			runOnlyForDeploymentPostprocessing = 0;
		};
		2BBF112921EAD38D001C94E9 /* Frameworks */ = {
			isa = PBXFrameworksBuildPhase;
			buildActionMask = 2147483647;
			files = (
			);
			runOnlyForDeploymentPostprocessing = 0;
		};
/* End PBXFrameworksBuildPhase section */

/* Begin PBXGroup section */
		2BA344A422015402000BB2EB /* Icons */ = {
			isa = PBXGroup;
			children = (
			);
			path = Icons;
			sourceTree = "<group>";
		};
		2BA344A8220157F8000BB2EB /* Icons */ = {
			isa = PBXGroup;
			children = (
				2BA344A922015888000BB2EB /* timeline_play.tiff */,
				2BA344A522015419000BB2EB /* timeline_recording.tiff */,
			);
			path = Icons;
			sourceTree = "<group>";
		};
		2BBF10ED21EAD2AF001C94E9 = {
			isa = PBXGroup;
			children = (
				2BBF119621EAD46B001C94E9 /* Application */,
				2BBF10F821EAD2AF001C94E9 /* Shape-Z */,
				2BBF112D21EAD38E001C94E9 /* Shape-Z iOS */,
				2BBF11B021EADB46001C94E9 /* Mad4Metal */,
				2BBF10F721EAD2AF001C94E9 /* Products */,
			);
			sourceTree = "<group>";
		};
		2BBF10F721EAD2AF001C94E9 /* Products */ = {
			isa = PBXGroup;
			children = (
				2BBF10F621EAD2AF001C94E9 /* Shape-Z.app */,
				2BBF112C21EAD38D001C94E9 /* Shape-Z iOS.app */,
			);
			name = Products;
			sourceTree = "<group>";
		};
		2BBF10F821EAD2AF001C94E9 /* Shape-Z */ = {
			isa = PBXGroup;
			children = (
				2BBF10F921EAD2AF001C94E9 /* AppDelegate.swift */,
				2BBF10FB21EAD2AF001C94E9 /* ViewController.swift */,
				2BBF110021EAD2B0001C94E9 /* Assets.xcassets */,
				2BBF110221EAD2B0001C94E9 /* Main.storyboard */,
				2BBF110521EAD2B0001C94E9 /* Info.plist */,
				2BBF110621EAD2B0001C94E9 /* Shape_Z.entitlements */,
				2BBF10FD21EAD2AF001C94E9 /* Shape_Z.xcdatamodeld */,
			);
			path = "Shape-Z";
			sourceTree = "<group>";
		};
		2BBF112D21EAD38E001C94E9 /* Shape-Z iOS */ = {
			isa = PBXGroup;
			children = (
				2BBF112E21EAD38E001C94E9 /* AppDelegate.swift */,
				2BBF113021EAD38E001C94E9 /* ViewController.swift */,
				2BBF113221EAD38E001C94E9 /* Main.storyboard */,
				2BBF113821EAD38E001C94E9 /* Assets.xcassets */,
				2BBF113A21EAD38E001C94E9 /* LaunchScreen.storyboard */,
				2BBF113D21EAD38E001C94E9 /* Info.plist */,
				2BBF113521EAD38E001C94E9 /* Shape_Z_iOS.xcdatamodeld */,
			);
			path = "Shape-Z iOS";
			sourceTree = "<group>";
		};
		2BBF119621EAD46B001C94E9 /* Application */ = {
			isa = PBXGroup;
			children = (
				2BBF119F21EAD46B001C94E9 /* App.swift */,
				2BBF119821EAD46B001C94E9 /* LeftRegion.swift */,
				2BBF119721EAD46B001C94E9 /* TopRegion.swift */,
				2BBF119C21EAD46B001C94E9 /* RightRegion.swift */,
				2BBF119B21EAD46B001C94E9 /* BottomRegion.swift */,
				2BBF119D21EAD46B001C94E9 /* EditorRegion.swift */,
				2BBF11E921ED623F001C94E9 /* EditorWidget.swift */,
				2BBF119921EAD46B001C94E9 /* AppShaders.metal */,
				2BBF119E21EAD46B001C94E9 /* Mad4Metal.metal */,
				2BBF119A21EAD46B001C94E9 /* Mad4Metal_types.h */,
				2BBF11DF21EC1A40001C94E9 /* Layers and Shapes */,
				2BE67100221259A200B95241 /* Nodes */,
				2BA344A422015402000BB2EB /* Icons */,
			);
			path = Application;
			sourceTree = "<group>";
		};
		2BBF11B021EADB46001C94E9 /* Mad4Metal */ = {
			isa = PBXGroup;
			children = (
				2BA344A8220157F8000BB2EB /* Icons */,
				2BBF11BD21EADB46001C94E9 /* Fonts */,
				2BBF11B621EADB46001C94E9 /* MMView.swift */,
				2BBF11B721EADB46001C94E9 /* MMBaseView_mac.swift */,
				2BBF11C021EADB46001C94E9 /* MMBaseView__ios.swift */,
				2BBF11B121EADB46001C94E9 /* MMRenderer.swift */,
				2BBF11B221EADB46001C94E9 /* MMWidget.swift */,
				2BBF11B321EADB46001C94E9 /* MMRegion.swift */,
				2BBF11B421EADB46001C94E9 /* MMDrawable.swift */,
				2BBF11B521EADB46001C94E9 /* MMUtils.swift */,
				2BBF11B821EADB46001C94E9 /* MMFont.swift */,
				2BBF11B921EADB46001C94E9 /* MMLabel.swift */,
				2BBF11BA21EADB46001C94E9 /* MMCompute.swift */,
				2BA344AC22029FA4000BB2EB /* MMFragment.swift */,
				2BBF11BB21EADB46001C94E9 /* MMScrollArea.swift */,
				2BBF11BC21EADB46001C94E9 /* MMSkin.swift */,
				2B8864EC21FABAAB00F24E8A /* MMAnimate.swift */,
				2BA344A121FE8497000BB2EB /* MMTimeline.swift */,
			);
			path = Mad4Metal;
			sourceTree = "<group>";
		};
		2BBF11BD21EADB46001C94E9 /* Fonts */ = {
			isa = PBXGroup;
			children = (
				2BBF11BE21EADB46001C94E9 /* OpenSans.tiff */,
				2BBF11BF21EADB46001C94E9 /* OpenSans.json */,
			);
			path = Fonts;
			sourceTree = "<group>";
		};
		2BBF11DF21EC1A40001C94E9 /* Layers and Shapes */ = {
			isa = PBXGroup;
			children = (
				2B5CCAFE2214F2FF005BAA2B /* Builder.swift */,
				2BBF11F821F55D20001C94E9 /* Object.swift */,
				2BE6710A2213ACDD00B95241 /* ObjectMaxDelegate.swift */,
				2BBF11E021EC1A92001C94E9 /* Shape.swift */,
				2BBF11E621EC4DC7001C94E9 /* ShapeSelector.swift */,
				2BBF11F521F02EAD001C94E9 /* ShapeList.swift */,
				2BBF11EF21EEC618001C94E9 /* ShapeFactory.swift */,
				2BBF11FE21F808B1001C94E9 /* Gizmo.swift */,
				2BBF120121F80B32001C94E9 /* Gizmo.metal */,
			);
			path = "Layers and Shapes";
			sourceTree = "<group>";
		};
		2BE67100221259A200B95241 /* Nodes */ = {
			isa = PBXGroup;
			children = (
				2BE67101221259F500B95241 /* Node.swift */,
				2BE6710422125D7D00B95241 /* NodeGraph.swift */,
				2BE67107221291D200B95241 /* Node.metal */,
			);
			path = Nodes;
			sourceTree = "<group>";
		};
/* End PBXGroup section */

/* Begin PBXNativeTarget section */
		2BBF10F521EAD2AF001C94E9 /* Shape-Z */ = {
			isa = PBXNativeTarget;
			buildConfigurationList = 2BBF111F21EAD2B0001C94E9 /* Build configuration list for PBXNativeTarget "Shape-Z" */;
			buildPhases = (
				2BBF10F221EAD2AF001C94E9 /* Sources */,
				2BBF10F321EAD2AF001C94E9 /* Frameworks */,
				2BBF10F421EAD2AF001C94E9 /* Resources */,
			);
			buildRules = (
			);
			dependencies = (
			);
			name = "Shape-Z";
			productName = "Shape-Z";
			productReference = 2BBF10F621EAD2AF001C94E9 /* Shape-Z.app */;
			productType = "com.apple.product-type.application";
		};
		2BBF112B21EAD38D001C94E9 /* Shape-Z iOS */ = {
			isa = PBXNativeTarget;
			buildConfigurationList = 2BBF115421EAD38E001C94E9 /* Build configuration list for PBXNativeTarget "Shape-Z iOS" */;
			buildPhases = (
				2BBF112821EAD38D001C94E9 /* Sources */,
				2BBF112921EAD38D001C94E9 /* Frameworks */,
				2BBF112A21EAD38D001C94E9 /* Resources */,
			);
			buildRules = (
			);
			dependencies = (
			);
			name = "Shape-Z iOS";
			productName = "Shape-Z iOS";
			productReference = 2BBF112C21EAD38D001C94E9 /* Shape-Z iOS.app */;
			productType = "com.apple.product-type.application";
		};
/* End PBXNativeTarget section */

/* Begin PBXProject section */
		2BBF10EE21EAD2AF001C94E9 /* Project object */ = {
			isa = PBXProject;
			attributes = {
				LastSwiftUpdateCheck = 1010;
				LastUpgradeCheck = 1010;
				ORGANIZATIONNAME = "Markus Moenig";
				TargetAttributes = {
					2BBF10F521EAD2AF001C94E9 = {
						CreatedOnToolsVersion = 10.1;
						LastSwiftMigration = 1010;
					};
					2BBF112B21EAD38D001C94E9 = {
						CreatedOnToolsVersion = 10.1;
						LastSwiftMigration = 1010;
					};
				};
			};
			buildConfigurationList = 2BBF10F121EAD2AF001C94E9 /* Build configuration list for PBXProject "Shape-Z" */;
			compatibilityVersion = "Xcode 9.3";
			developmentRegion = en;
			hasScannedForEncodings = 0;
			knownRegions = (
				en,
				Base,
			);
			mainGroup = 2BBF10ED21EAD2AF001C94E9;
			productRefGroup = 2BBF10F721EAD2AF001C94E9 /* Products */;
			projectDirPath = "";
			projectRoot = "";
			targets = (
				2BBF10F521EAD2AF001C94E9 /* Shape-Z */,
				2BBF112B21EAD38D001C94E9 /* Shape-Z iOS */,
			);
		};
/* End PBXProject section */

/* Begin PBXResourcesBuildPhase section */
		2BBF10F421EAD2AF001C94E9 /* Resources */ = {
			isa = PBXResourcesBuildPhase;
			buildActionMask = 2147483647;
			files = (
				2BBF11DB21EADB46001C94E9 /* OpenSans.json in Resources */,
				2BA344A622015419000BB2EB /* timeline_recording.tiff in Resources */,
				2BBF110121EAD2B0001C94E9 /* Assets.xcassets in Resources */,
				2BBF11D921EADB46001C94E9 /* OpenSans.tiff in Resources */,
				2BBF110421EAD2B0001C94E9 /* Main.storyboard in Resources */,
				2BA344AA22015888000BB2EB /* timeline_play.tiff in Resources */,
			);
			runOnlyForDeploymentPostprocessing = 0;
		};
		2BBF112A21EAD38D001C94E9 /* Resources */ = {
			isa = PBXResourcesBuildPhase;
			buildActionMask = 2147483647;
			files = (
				2BA344A722015419000BB2EB /* timeline_recording.tiff in Resources */,
				2BBF113C21EAD38E001C94E9 /* LaunchScreen.storyboard in Resources */,
				2BBF113921EAD38E001C94E9 /* Assets.xcassets in Resources */,
				2BA344AB22015888000BB2EB /* timeline_play.tiff in Resources */,
				2BBF113421EAD38E001C94E9 /* Main.storyboard in Resources */,
				2BBF11DC21EADB46001C94E9 /* OpenSans.json in Resources */,
				2BBF11DA21EADB46001C94E9 /* OpenSans.tiff in Resources */,
			);
			runOnlyForDeploymentPostprocessing = 0;
		};
/* End PBXResourcesBuildPhase section */

/* Begin PBXSourcesBuildPhase section */
		2BBF10F221EAD2AF001C94E9 /* Sources */ = {
			isa = PBXSourcesBuildPhase;
			buildActionMask = 2147483647;
			files = (
				2BA344AD2202A0A0000BB2EB /* MMFragment.swift in Sources */,
				2BE6710522125D7D00B95241 /* NodeGraph.swift in Sources */,
				2BBF11C321EADB46001C94E9 /* MMWidget.swift in Sources */,
				2BBF11C121EADB46001C94E9 /* MMRenderer.swift in Sources */,
				2BBF11A621EAD46B001C94E9 /* BottomRegion.swift in Sources */,
				2BBF11CD21EADB46001C94E9 /* MMBaseView_mac.swift in Sources */,
				2BBF11F621F02EAD001C94E9 /* ShapeList.swift in Sources */,
				2BE67102221259F500B95241 /* Node.swift in Sources */,
				2BBF11C921EADB46001C94E9 /* MMUtils.swift in Sources */,
				2BE67109221291D300B95241 /* Node.metal in Sources */,
				2BBF11A221EAD46B001C94E9 /* LeftRegion.swift in Sources */,
				2BBF11AC21EAD46B001C94E9 /* Mad4Metal.metal in Sources */,
				2BE6710B2213ACDD00B95241 /* ObjectMaxDelegate.swift in Sources */,
				2BBF11EA21ED623F001C94E9 /* EditorWidget.swift in Sources */,
				2BBF120221F80B32001C94E9 /* Gizmo.metal in Sources */,
				2BBF11CB21EADB46001C94E9 /* MMView.swift in Sources */,
				2BBF11D721EADB46001C94E9 /* MMSkin.swift in Sources */,
				2BBF11AA21EAD46B001C94E9 /* EditorRegion.swift in Sources */,
				2BBF11A021EAD46B001C94E9 /* TopRegion.swift in Sources */,
				2BBF11E121EC1A92001C94E9 /* Shape.swift in Sources */,
				2BA344A221FE8497000BB2EB /* MMTimeline.swift in Sources */,
				2BBF11D121EADB46001C94E9 /* MMLabel.swift in Sources */,
				2B5CCAFF2214F2FF005BAA2B /* Builder.swift in Sources */,
				2BBF11D521EADB46001C94E9 /* MMScrollArea.swift in Sources */,
				2BBF11A821EAD46B001C94E9 /* RightRegion.swift in Sources */,
				2BBF11F021EEC618001C94E9 /* ShapeFactory.swift in Sources */,
				2BBF11A421EAD46B001C94E9 /* AppShaders.metal in Sources */,
				2BBF11FF21F808B1001C94E9 /* Gizmo.swift in Sources */,
				2BBF11C521EADB46001C94E9 /* MMRegion.swift in Sources */,
				2BBF11CF21EADB46001C94E9 /* MMFont.swift in Sources */,
				2BBF11F921F55D20001C94E9 /* Object.swift in Sources */,
				2BBF11E721EC4DC7001C94E9 /* ShapeSelector.swift in Sources */,
				2BBF10FF21EAD2AF001C94E9 /* Shape_Z.xcdatamodeld in Sources */,
				2B8864ED21FABAAB00F24E8A /* MMAnimate.swift in Sources */,
				2BBF11AE21EAD46B001C94E9 /* App.swift in Sources */,
				2BBF10FC21EAD2AF001C94E9 /* ViewController.swift in Sources */,
				2BBF11D321EADB46001C94E9 /* MMCompute.swift in Sources */,
				2BBF11C721EADB46001C94E9 /* MMDrawable.swift in Sources */,
				2BBF10FA21EAD2AF001C94E9 /* AppDelegate.swift in Sources */,
			);
			runOnlyForDeploymentPostprocessing = 0;
		};
		2BBF112821EAD38D001C94E9 /* Sources */ = {
			isa = PBXSourcesBuildPhase;
			buildActionMask = 2147483647;
			files = (
				2BA344AE2202A0AA000BB2EB /* MMFragment.swift in Sources */,
				2BE6710622125D7D00B95241 /* NodeGraph.swift in Sources */,
				2BBF11C421EADB46001C94E9 /* MMWidget.swift in Sources */,
				2BBF11DE21EADB46001C94E9 /* MMBaseView__ios.swift in Sources */,
				2BBF11C221EADB46001C94E9 /* MMRenderer.swift in Sources */,
				2BBF11A721EAD46B001C94E9 /* BottomRegion.swift in Sources */,
				2BBF11F721F02EAD001C94E9 /* ShapeList.swift in Sources */,
				2BE67103221259F500B95241 /* Node.swift in Sources */,
				2BBF11CA21EADB46001C94E9 /* MMUtils.swift in Sources */,
				2BE67108221291D300B95241 /* Node.metal in Sources */,
				2BBF11A321EAD46B001C94E9 /* LeftRegion.swift in Sources */,
				2BBF11AD21EAD46B001C94E9 /* Mad4Metal.metal in Sources */,
				2BE6710C2213ACDD00B95241 /* ObjectMaxDelegate.swift in Sources */,
				2BBF11EB21ED623F001C94E9 /* EditorWidget.swift in Sources */,
				2BBF120321F80B32001C94E9 /* Gizmo.metal in Sources */,
				2BBF11CC21EADB46001C94E9 /* MMView.swift in Sources */,
				2BBF11D821EADB46001C94E9 /* MMSkin.swift in Sources */,
				2BBF11AB21EAD46B001C94E9 /* EditorRegion.swift in Sources */,
				2BBF11A121EAD46B001C94E9 /* TopRegion.swift in Sources */,
				2BBF11E221EC1A92001C94E9 /* Shape.swift in Sources */,
				2BA344A321FE8497000BB2EB /* MMTimeline.swift in Sources */,
				2BBF11D221EADB46001C94E9 /* MMLabel.swift in Sources */,
				2B5CCB002214F2FF005BAA2B /* Builder.swift in Sources */,
				2BBF11D621EADB46001C94E9 /* MMScrollArea.swift in Sources */,
				2BBF11A921EAD46B001C94E9 /* RightRegion.swift in Sources */,
				2BBF11F121EEC618001C94E9 /* ShapeFactory.swift in Sources */,
				2BBF11A521EAD46B001C94E9 /* AppShaders.metal in Sources */,
				2BBF120021F808B1001C94E9 /* Gizmo.swift in Sources */,
				2BBF11C621EADB46001C94E9 /* MMRegion.swift in Sources */,
				2BBF11D021EADB46001C94E9 /* MMFont.swift in Sources */,
				2BBF11FA21F55D20001C94E9 /* Object.swift in Sources */,
				2BBF11E821EC4DC7001C94E9 /* ShapeSelector.swift in Sources */,
				2BBF113721EAD38E001C94E9 /* Shape_Z_iOS.xcdatamodeld in Sources */,
				2B8864EE21FABAAB00F24E8A /* MMAnimate.swift in Sources */,
				2BBF11AF21EAD46B001C94E9 /* App.swift in Sources */,
				2BBF113121EAD38E001C94E9 /* ViewController.swift in Sources */,
				2BBF11D421EADB46001C94E9 /* MMCompute.swift in Sources */,
				2BBF11C821EADB46001C94E9 /* MMDrawable.swift in Sources */,
				2BBF112F21EAD38E001C94E9 /* AppDelegate.swift in Sources */,
			);
			runOnlyForDeploymentPostprocessing = 0;
		};
/* End PBXSourcesBuildPhase section */

/* Begin PBXVariantGroup section */
		2BBF110221EAD2B0001C94E9 /* Main.storyboard */ = {
			isa = PBXVariantGroup;
			children = (
				2BBF110321EAD2B0001C94E9 /* Base */,
			);
			name = Main.storyboard;
			sourceTree = "<group>";
		};
		2BBF113221EAD38E001C94E9 /* Main.storyboard */ = {
			isa = PBXVariantGroup;
			children = (
				2BBF113321EAD38E001C94E9 /* Base */,
			);
			name = Main.storyboard;
			sourceTree = "<group>";
		};
		2BBF113A21EAD38E001C94E9 /* LaunchScreen.storyboard */ = {
			isa = PBXVariantGroup;
			children = (
				2BBF113B21EAD38E001C94E9 /* Base */,
			);
			name = LaunchScreen.storyboard;
			sourceTree = "<group>";
		};
/* End PBXVariantGroup section */

/* Begin XCBuildConfiguration section */
		2BBF111D21EAD2B0001C94E9 /* Debug */ = {
			isa = XCBuildConfiguration;
			buildSettings = {
				ALWAYS_SEARCH_USER_PATHS = NO;
				CLANG_ANALYZER_NONNULL = YES;
				CLANG_ANALYZER_NUMBER_OBJECT_CONVERSION = YES_AGGRESSIVE;
				CLANG_CXX_LANGUAGE_STANDARD = "gnu++14";
				CLANG_CXX_LIBRARY = "libc++";
				CLANG_ENABLE_MODULES = YES;
				CLANG_ENABLE_OBJC_ARC = YES;
				CLANG_ENABLE_OBJC_WEAK = YES;
				CLANG_WARN_BLOCK_CAPTURE_AUTORELEASING = YES;
				CLANG_WARN_BOOL_CONVERSION = YES;
				CLANG_WARN_COMMA = YES;
				CLANG_WARN_CONSTANT_CONVERSION = YES;
				CLANG_WARN_DEPRECATED_OBJC_IMPLEMENTATIONS = YES;
				CLANG_WARN_DIRECT_OBJC_ISA_USAGE = YES_ERROR;
				CLANG_WARN_DOCUMENTATION_COMMENTS = YES;
				CLANG_WARN_EMPTY_BODY = YES;
				CLANG_WARN_ENUM_CONVERSION = YES;
				CLANG_WARN_INFINITE_RECURSION = YES;
				CLANG_WARN_INT_CONVERSION = YES;
				CLANG_WARN_NON_LITERAL_NULL_CONVERSION = YES;
				CLANG_WARN_OBJC_IMPLICIT_RETAIN_SELF = YES;
				CLANG_WARN_OBJC_LITERAL_CONVERSION = YES;
				CLANG_WARN_OBJC_ROOT_CLASS = YES_ERROR;
				CLANG_WARN_RANGE_LOOP_ANALYSIS = YES;
				CLANG_WARN_STRICT_PROTOTYPES = YES;
				CLANG_WARN_SUSPICIOUS_MOVE = YES;
				CLANG_WARN_UNGUARDED_AVAILABILITY = YES_AGGRESSIVE;
				CLANG_WARN_UNREACHABLE_CODE = YES;
				CLANG_WARN__DUPLICATE_METHOD_MATCH = YES;
				CODE_SIGN_IDENTITY = "Mac Developer";
				COPY_PHASE_STRIP = NO;
				DEBUG_INFORMATION_FORMAT = dwarf;
				ENABLE_STRICT_OBJC_MSGSEND = YES;
				ENABLE_TESTABILITY = YES;
				GCC_C_LANGUAGE_STANDARD = gnu11;
				GCC_DYNAMIC_NO_PIC = NO;
				GCC_NO_COMMON_BLOCKS = YES;
				GCC_OPTIMIZATION_LEVEL = 0;
				GCC_PREPROCESSOR_DEFINITIONS = (
					"DEBUG=1",
					"$(inherited)",
				);
				GCC_WARN_64_TO_32_BIT_CONVERSION = YES;
				GCC_WARN_ABOUT_RETURN_TYPE = YES_ERROR;
				GCC_WARN_UNDECLARED_SELECTOR = YES;
				GCC_WARN_UNINITIALIZED_AUTOS = YES_AGGRESSIVE;
				GCC_WARN_UNUSED_FUNCTION = YES;
				GCC_WARN_UNUSED_VARIABLE = YES;
				MACOSX_DEPLOYMENT_TARGET = 10.14;
				MTL_ENABLE_DEBUG_INFO = INCLUDE_SOURCE;
				MTL_FAST_MATH = YES;
				ONLY_ACTIVE_ARCH = YES;
				SDKROOT = macosx;
				SWIFT_ACTIVE_COMPILATION_CONDITIONS = DEBUG;
				SWIFT_OPTIMIZATION_LEVEL = "-Onone";
			};
			name = Debug;
		};
		2BBF111E21EAD2B0001C94E9 /* Release */ = {
			isa = XCBuildConfiguration;
			buildSettings = {
				ALWAYS_SEARCH_USER_PATHS = NO;
				CLANG_ANALYZER_NONNULL = YES;
				CLANG_ANALYZER_NUMBER_OBJECT_CONVERSION = YES_AGGRESSIVE;
				CLANG_CXX_LANGUAGE_STANDARD = "gnu++14";
				CLANG_CXX_LIBRARY = "libc++";
				CLANG_ENABLE_MODULES = YES;
				CLANG_ENABLE_OBJC_ARC = YES;
				CLANG_ENABLE_OBJC_WEAK = YES;
				CLANG_WARN_BLOCK_CAPTURE_AUTORELEASING = YES;
				CLANG_WARN_BOOL_CONVERSION = YES;
				CLANG_WARN_COMMA = YES;
				CLANG_WARN_CONSTANT_CONVERSION = YES;
				CLANG_WARN_DEPRECATED_OBJC_IMPLEMENTATIONS = YES;
				CLANG_WARN_DIRECT_OBJC_ISA_USAGE = YES_ERROR;
				CLANG_WARN_DOCUMENTATION_COMMENTS = YES;
				CLANG_WARN_EMPTY_BODY = YES;
				CLANG_WARN_ENUM_CONVERSION = YES;
				CLANG_WARN_INFINITE_RECURSION = YES;
				CLANG_WARN_INT_CONVERSION = YES;
				CLANG_WARN_NON_LITERAL_NULL_CONVERSION = YES;
				CLANG_WARN_OBJC_IMPLICIT_RETAIN_SELF = YES;
				CLANG_WARN_OBJC_LITERAL_CONVERSION = YES;
				CLANG_WARN_OBJC_ROOT_CLASS = YES_ERROR;
				CLANG_WARN_RANGE_LOOP_ANALYSIS = YES;
				CLANG_WARN_STRICT_PROTOTYPES = YES;
				CLANG_WARN_SUSPICIOUS_MOVE = YES;
				CLANG_WARN_UNGUARDED_AVAILABILITY = YES_AGGRESSIVE;
				CLANG_WARN_UNREACHABLE_CODE = YES;
				CLANG_WARN__DUPLICATE_METHOD_MATCH = YES;
				CODE_SIGN_IDENTITY = "Mac Developer";
				COPY_PHASE_STRIP = NO;
				DEBUG_INFORMATION_FORMAT = "dwarf-with-dsym";
				ENABLE_NS_ASSERTIONS = NO;
				ENABLE_STRICT_OBJC_MSGSEND = YES;
				GCC_C_LANGUAGE_STANDARD = gnu11;
				GCC_NO_COMMON_BLOCKS = YES;
				GCC_WARN_64_TO_32_BIT_CONVERSION = YES;
				GCC_WARN_ABOUT_RETURN_TYPE = YES_ERROR;
				GCC_WARN_UNDECLARED_SELECTOR = YES;
				GCC_WARN_UNINITIALIZED_AUTOS = YES_AGGRESSIVE;
				GCC_WARN_UNUSED_FUNCTION = YES;
				GCC_WARN_UNUSED_VARIABLE = YES;
				MACOSX_DEPLOYMENT_TARGET = 10.14;
				MTL_ENABLE_DEBUG_INFO = NO;
				MTL_FAST_MATH = YES;
				SDKROOT = macosx;
				SWIFT_COMPILATION_MODE = wholemodule;
				SWIFT_OPTIMIZATION_LEVEL = "-O";
			};
			name = Release;
		};
		2BBF112021EAD2B0001C94E9 /* Debug */ = {
			isa = XCBuildConfiguration;
			buildSettings = {
				ASSETCATALOG_COMPILER_APPICON_NAME = AppIcon;
				CLANG_ENABLE_MODULES = YES;
				CODE_SIGN_ENTITLEMENTS = "Shape-Z/Shape_Z.entitlements";
				CODE_SIGN_STYLE = Automatic;
				COMBINE_HIDPI_IMAGES = YES;
				DEVELOPMENT_TEAM = G6R6L3VH62;
				INFOPLIST_FILE = "Shape-Z/Info.plist";
				LD_RUNPATH_SEARCH_PATHS = (
					"$(inherited)",
					"@executable_path/../Frameworks",
				);
				PRODUCT_BUNDLE_IDENTIFIER = "com.moenig.shapez.Shape-Z";
				PRODUCT_NAME = "$(TARGET_NAME)";
				SWIFT_OBJC_BRIDGING_HEADER = "";
				SWIFT_OPTIMIZATION_LEVEL = "-Onone";
				SWIFT_VERSION = 4.2;
			};
			name = Debug;
		};
		2BBF112121EAD2B0001C94E9 /* Release */ = {
			isa = XCBuildConfiguration;
			buildSettings = {
				ASSETCATALOG_COMPILER_APPICON_NAME = AppIcon;
				CLANG_ENABLE_MODULES = YES;
				CODE_SIGN_ENTITLEMENTS = "Shape-Z/Shape_Z.entitlements";
				CODE_SIGN_STYLE = Automatic;
				COMBINE_HIDPI_IMAGES = YES;
				DEVELOPMENT_TEAM = G6R6L3VH62;
				INFOPLIST_FILE = "Shape-Z/Info.plist";
				LD_RUNPATH_SEARCH_PATHS = (
					"$(inherited)",
					"@executable_path/../Frameworks",
				);
				PRODUCT_BUNDLE_IDENTIFIER = "com.moenig.shapez.Shape-Z";
				PRODUCT_NAME = "$(TARGET_NAME)";
				SWIFT_OBJC_BRIDGING_HEADER = "";
				SWIFT_VERSION = 4.2;
			};
			name = Release;
		};
		2BBF115521EAD38E001C94E9 /* Debug */ = {
			isa = XCBuildConfiguration;
			buildSettings = {
				ASSETCATALOG_COMPILER_APPICON_NAME = AppIcon;
				CLANG_ENABLE_MODULES = YES;
				CODE_SIGN_IDENTITY = "iPhone Developer";
				CODE_SIGN_STYLE = Automatic;
				DEVELOPMENT_TEAM = G6R6L3VH62;
				INFOPLIST_FILE = "Shape-Z iOS/Info.plist";
				IPHONEOS_DEPLOYMENT_TARGET = 12.1;
				LD_RUNPATH_SEARCH_PATHS = (
					"$(inherited)",
					"@executable_path/Frameworks",
				);
				PRODUCT_BUNDLE_IDENTIFIER = "com.moenig.shapez.Shape-Z-iOS";
				PRODUCT_NAME = "$(TARGET_NAME)";
				SDKROOT = iphoneos;
				SWIFT_OBJC_BRIDGING_HEADER = "";
				SWIFT_OPTIMIZATION_LEVEL = "-Onone";
				SWIFT_VERSION = 4.2;
				TARGETED_DEVICE_FAMILY = "1,2";
			};
			name = Debug;
		};
		2BBF115621EAD38E001C94E9 /* Release */ = {
			isa = XCBuildConfiguration;
			buildSettings = {
				ASSETCATALOG_COMPILER_APPICON_NAME = AppIcon;
				CLANG_ENABLE_MODULES = YES;
				CODE_SIGN_IDENTITY = "iPhone Developer";
				CODE_SIGN_STYLE = Automatic;
				DEVELOPMENT_TEAM = G6R6L3VH62;
				INFOPLIST_FILE = "Shape-Z iOS/Info.plist";
				IPHONEOS_DEPLOYMENT_TARGET = 12.1;
				LD_RUNPATH_SEARCH_PATHS = (
					"$(inherited)",
					"@executable_path/Frameworks",
				);
				PRODUCT_BUNDLE_IDENTIFIER = "com.moenig.shapez.Shape-Z-iOS";
				PRODUCT_NAME = "$(TARGET_NAME)";
				SDKROOT = iphoneos;
				SWIFT_OBJC_BRIDGING_HEADER = "";
				SWIFT_VERSION = 4.2;
				TARGETED_DEVICE_FAMILY = "1,2";
				VALIDATE_PRODUCT = YES;
			};
			name = Release;
		};
/* End XCBuildConfiguration section */

/* Begin XCConfigurationList section */
		2BBF10F121EAD2AF001C94E9 /* Build configuration list for PBXProject "Shape-Z" */ = {
			isa = XCConfigurationList;
			buildConfigurations = (
				2BBF111D21EAD2B0001C94E9 /* Debug */,
				2BBF111E21EAD2B0001C94E9 /* Release */,
			);
			defaultConfigurationIsVisible = 0;
			defaultConfigurationName = Release;
		};
		2BBF111F21EAD2B0001C94E9 /* Build configuration list for PBXNativeTarget "Shape-Z" */ = {
			isa = XCConfigurationList;
			buildConfigurations = (
				2BBF112021EAD2B0001C94E9 /* Debug */,
				2BBF112121EAD2B0001C94E9 /* Release */,
			);
			defaultConfigurationIsVisible = 0;
			defaultConfigurationName = Release;
		};
		2BBF115421EAD38E001C94E9 /* Build configuration list for PBXNativeTarget "Shape-Z iOS" */ = {
			isa = XCConfigurationList;
			buildConfigurations = (
				2BBF115521EAD38E001C94E9 /* Debug */,
				2BBF115621EAD38E001C94E9 /* Release */,
			);
			defaultConfigurationIsVisible = 0;
			defaultConfigurationName = Release;
		};
/* End XCConfigurationList section */

/* Begin XCVersionGroup section */
		2BBF10FD21EAD2AF001C94E9 /* Shape_Z.xcdatamodeld */ = {
			isa = XCVersionGroup;
			children = (
				2BBF10FE21EAD2AF001C94E9 /* Shape_Z.xcdatamodel */,
			);
			currentVersion = 2BBF10FE21EAD2AF001C94E9 /* Shape_Z.xcdatamodel */;
			path = Shape_Z.xcdatamodeld;
			sourceTree = "<group>";
			versionGroupType = wrapper.xcdatamodel;
		};
		2BBF113521EAD38E001C94E9 /* Shape_Z_iOS.xcdatamodeld */ = {
			isa = XCVersionGroup;
			children = (
				2BBF113621EAD38E001C94E9 /* Shape_Z_iOS.xcdatamodel */,
			);
			currentVersion = 2BBF113621EAD38E001C94E9 /* Shape_Z_iOS.xcdatamodel */;
			path = Shape_Z_iOS.xcdatamodeld;
			sourceTree = "<group>";
			versionGroupType = wrapper.xcdatamodel;
		};
/* End XCVersionGroup section */
	};
	rootObject = 2BBF10EE21EAD2AF001C94E9 /* Project object */;
}
